// !$*UTF8*$!
{
	archiveVersion = 1;
	classes = {
	};
	objectVersion = 50;
	objects = {

/* Begin PBXBuildFile section */
		3CDAA6FA2108D59000D36684 /* AppDelegate.m in Sources */ = {isa = PBXBuildFile; fileRef = 3CDAA6F92108D59000D36684 /* AppDelegate.m */; };
		3CDAA7002108D59000D36684 /* Main.storyboard in Resources */ = {isa = PBXBuildFile; fileRef = 3CDAA6FE2108D59000D36684 /* Main.storyboard */; };
		3CDAA7022108D59200D36684 /* Assets.xcassets in Resources */ = {isa = PBXBuildFile; fileRef = 3CDAA7012108D59200D36684 /* Assets.xcassets */; };
		3CDAA7052108D59200D36684 /* LaunchScreen.storyboard in Resources */ = {isa = PBXBuildFile; fileRef = 3CDAA7032108D59200D36684 /* LaunchScreen.storyboard */; };
		3CDAA7082108D59200D36684 /* main.m in Sources */ = {isa = PBXBuildFile; fileRef = 3CDAA7072108D59200D36684 /* main.m */; };
		3CDAA7122108DEAB00D36684 /* ETLPerson.m in Sources */ = {isa = PBXBuildFile; fileRef = 3CDAA7112108DEAB00D36684 /* ETLPerson.m */; };
		3CDAA7152108DEBF00D36684 /* ETLPersonController.m in Sources */ = {isa = PBXBuildFile; fileRef = 3CDAA7142108DEBF00D36684 /* ETLPersonController.m */; };
		3CDAA71B2108E7C900D36684 /* ETLContactsTableViewController.m in Sources */ = {isa = PBXBuildFile; fileRef = 3CDAA71A2108E7C900D36684 /* ETLContactsTableViewController.m */; };
/* End PBXBuildFile section */

/* Begin PBXFileReference section */
		3CDAA6F52108D59000D36684 /* ContactsC.app */ = {isa = PBXFileReference; explicitFileType = wrapper.application; includeInIndex = 0; path = ContactsC.app; sourceTree = BUILT_PRODUCTS_DIR; };
		3CDAA6F82108D59000D36684 /* AppDelegate.h */ = {isa = PBXFileReference; lastKnownFileType = sourcecode.c.h; path = AppDelegate.h; sourceTree = "<group>"; };
		3CDAA6F92108D59000D36684 /* AppDelegate.m */ = {isa = PBXFileReference; lastKnownFileType = sourcecode.c.objc; path = AppDelegate.m; sourceTree = "<group>"; };
		3CDAA6FF2108D59000D36684 /* Base */ = {isa = PBXFileReference; lastKnownFileType = file.storyboard; name = Base; path = Base.lproj/Main.storyboard; sourceTree = "<group>"; };
		3CDAA7012108D59200D36684 /* Assets.xcassets */ = {isa = PBXFileReference; lastKnownFileType = folder.assetcatalog; path = Assets.xcassets; sourceTree = "<group>"; };
		3CDAA7042108D59200D36684 /* Base */ = {isa = PBXFileReference; lastKnownFileType = file.storyboard; name = Base; path = Base.lproj/LaunchScreen.storyboard; sourceTree = "<group>"; };
		3CDAA7062108D59200D36684 /* Info.plist */ = {isa = PBXFileReference; lastKnownFileType = text.plist.xml; path = Info.plist; sourceTree = "<group>"; };
		3CDAA7072108D59200D36684 /* main.m */ = {isa = PBXFileReference; lastKnownFileType = sourcecode.c.objc; path = main.m; sourceTree = "<group>"; };
		3CDAA7102108DEAB00D36684 /* ETLPerson.h */ = {isa = PBXFileReference; lastKnownFileType = sourcecode.c.h; path = ETLPerson.h; sourceTree = "<group>"; };
		3CDAA7112108DEAB00D36684 /* ETLPerson.m */ = {isa = PBXFileReference; lastKnownFileType = sourcecode.c.objc; path = ETLPerson.m; sourceTree = "<group>"; };
		3CDAA7132108DEBF00D36684 /* ETLPersonController.h */ = {isa = PBXFileReference; lastKnownFileType = sourcecode.c.h; path = ETLPersonController.h; sourceTree = "<group>"; };
		3CDAA7142108DEBF00D36684 /* ETLPersonController.m */ = {isa = PBXFileReference; lastKnownFileType = sourcecode.c.objc; path = ETLPersonController.m; sourceTree = "<group>"; };
		3CDAA7192108E7C900D36684 /* ETLContactsTableViewController.h */ = {isa = PBXFileReference; lastKnownFileType = sourcecode.c.h; path = ETLContactsTableViewController.h; sourceTree = "<group>"; };
		3CDAA71A2108E7C900D36684 /* ETLContactsTableViewController.m */ = {isa = PBXFileReference; lastKnownFileType = sourcecode.c.objc; path = ETLContactsTableViewController.m; sourceTree = "<group>"; };
/* End PBXFileReference section */

/* Begin PBXFrameworksBuildPhase section */
		3CDAA6F22108D59000D36684 /* Frameworks */ = {
			isa = PBXFrameworksBuildPhase;
			buildActionMask = 2147483647;
			files = (
			);
			runOnlyForDeploymentPostprocessing = 0;
		};
/* End PBXFrameworksBuildPhase section */

/* Begin PBXGroup section */
		3CDAA6EC2108D59000D36684 = {
			isa = PBXGroup;
			children = (
				3CDAA6F72108D59000D36684 /* ContactsC */,
				3CDAA6F62108D59000D36684 /* Products */,
			);
			sourceTree = "<group>";
		};
		3CDAA6F62108D59000D36684 /* Products */ = {
			isa = PBXGroup;
			children = (
				3CDAA6F52108D59000D36684 /* ContactsC.app */,
			);
			name = Products;
			sourceTree = "<group>";
		};
		3CDAA6F72108D59000D36684 /* ContactsC */ = {
			isa = PBXGroup;
			children = (
				3CDAA6F82108D59000D36684 /* AppDelegate.h */,
				3CDAA6F92108D59000D36684 /* AppDelegate.m */,
				3CDAA7162108E47A00D36684 /* Models */,
				3CDAA7182108E48700D36684 /* Controllers */,
				3CDAA70F2108D5A100D36684 /* Storyboards */,
				3CDAA70E2108D59A00D36684 /* Resources */,
			);
			path = ContactsC;
			sourceTree = "<group>";
		};
		3CDAA70E2108D59A00D36684 /* Resources */ = {
			isa = PBXGroup;
			children = (
				3CDAA7012108D59200D36684 /* Assets.xcassets */,
				3CDAA7032108D59200D36684 /* LaunchScreen.storyboard */,
				3CDAA7062108D59200D36684 /* Info.plist */,
				3CDAA7072108D59200D36684 /* main.m */,
			);
			path = Resources;
			sourceTree = "<group>";
		};
		3CDAA70F2108D5A100D36684 /* Storyboards */ = {
			isa = PBXGroup;
			children = (
				3CDAA6FE2108D59000D36684 /* Main.storyboard */,
			);
			path = Storyboards;
			sourceTree = "<group>";
		};
		3CDAA7162108E47A00D36684 /* Models */ = {
			isa = PBXGroup;
			children = (
				3CDAA7102108DEAB00D36684 /* ETLPerson.h */,
				3CDAA7112108DEAB00D36684 /* ETLPerson.m */,
			);
			path = Models;
			sourceTree = "<group>";
		};
		3CDAA7172108E47F00D36684 /* Model Controllers */ = {
			isa = PBXGroup;
			children = (
				3CDAA7132108DEBF00D36684 /* ETLPersonController.h */,
				3CDAA7142108DEBF00D36684 /* ETLPersonController.m */,
			);
			path = "Model Controllers";
			sourceTree = "<group>";
		};
		3CDAA7182108E48700D36684 /* Controllers */ = {
			isa = PBXGroup;
			children = (
				3CDAA7172108E47F00D36684 /* Model Controllers */,
				3CDAA71C2108E9DD00D36684 /* View Controllers */,
			);
			path = Controllers;
			sourceTree = "<group>";
		};
		3CDAA71C2108E9DD00D36684 /* View Controllers */ = {
			isa = PBXGroup;
			children = (
				3CDAA7192108E7C900D36684 /* ETLContactsTableViewController.h */,
				3CDAA71A2108E7C900D36684 /* ETLContactsTableViewController.m */,
			);
			path = "View Controllers";
			sourceTree = "<group>";
		};
/* End PBXGroup section */

/* Begin PBXNativeTarget section */
		3CDAA6F42108D59000D36684 /* ContactsC */ = {
			isa = PBXNativeTarget;
			buildConfigurationList = 3CDAA70B2108D59200D36684 /* Build configuration list for PBXNativeTarget "ContactsC" */;
			buildPhases = (
				3CDAA6F12108D59000D36684 /* Sources */,
				3CDAA6F22108D59000D36684 /* Frameworks */,
				3CDAA6F32108D59000D36684 /* Resources */,
			);
			buildRules = (
			);
			dependencies = (
			);
			name = ContactsC;
			productName = ContactsC;
			productReference = 3CDAA6F52108D59000D36684 /* ContactsC.app */;
			productType = "com.apple.product-type.application";
		};
/* End PBXNativeTarget section */

/* Begin PBXProject section */
		3CDAA6ED2108D59000D36684 /* Project object */ = {
			isa = PBXProject;
			attributes = {
				CLASSPREFIX = ETL;
				LastUpgradeCheck = 0940;
				ORGANIZATIONNAME = ETLanza;
				TargetAttributes = {
					3CDAA6F42108D59000D36684 = {
						CreatedOnToolsVersion = 9.4.1;
					};
				};
			};
			buildConfigurationList = 3CDAA6F02108D59000D36684 /* Build configuration list for PBXProject "ContactsC" */;
			compatibilityVersion = "Xcode 9.3";
			developmentRegion = en;
			hasScannedForEncodings = 0;
			knownRegions = (
				en,
				Base,
			);
			mainGroup = 3CDAA6EC2108D59000D36684;
			productRefGroup = 3CDAA6F62108D59000D36684 /* Products */;
			projectDirPath = "";
			projectRoot = "";
			targets = (
				3CDAA6F42108D59000D36684 /* ContactsC */,
			);
		};
/* End PBXProject section */

/* Begin PBXResourcesBuildPhase section */
		3CDAA6F32108D59000D36684 /* Resources */ = {
			isa = PBXResourcesBuildPhase;
			buildActionMask = 2147483647;
			files = (
				3CDAA7052108D59200D36684 /* LaunchScreen.storyboard in Resources */,
				3CDAA7022108D59200D36684 /* Assets.xcassets in Resources */,
				3CDAA7002108D59000D36684 /* Main.storyboard in Resources */,
			);
			runOnlyForDeploymentPostprocessing = 0;
		};
/* End PBXResourcesBuildPhase section */

/* Begin PBXSourcesBuildPhase section */
		3CDAA6F12108D59000D36684 /* Sources */ = {
			isa = PBXSourcesBuildPhase;
			buildActionMask = 2147483647;
			files = (
				3CDAA7152108DEBF00D36684 /* ETLPersonController.m in Sources */,
				3CDAA7082108D59200D36684 /* main.m in Sources */,
				3CDAA71B2108E7C900D36684 /* ETLContactsTableViewController.m in Sources */,
				3CDAA7122108DEAB00D36684 /* ETLPerson.m in Sources */,
				3CDAA6FA2108D59000D36684 /* AppDelegate.m in Sources */,
			);
			runOnlyForDeploymentPostprocessing = 0;
		};
/* End PBXSourcesBuildPhase section */

/* Begin PBXVariantGroup section */
		3CDAA6FE2108D59000D36684 /* Main.storyboard */ = {
			isa = PBXVariantGroup;
			children = (
				3CDAA6FF2108D59000D36684 /* Base */,
			);
			name = Main.storyboard;
			sourceTree = "<group>";
		};
		3CDAA7032108D59200D36684 /* LaunchScreen.storyboard */ = {
			isa = PBXVariantGroup;
			children = (
				3CDAA7042108D59200D36684 /* Base */,
			);
			name = LaunchScreen.storyboard;
			sourceTree = "<group>";
		};
/* End PBXVariantGroup section */

/* Begin XCBuildConfiguration section */
		3CDAA7092108D59200D36684 /* Debug */ = {
			isa = XCBuildConfiguration;
			buildSettings = {
				ALWAYS_SEARCH_USER_PATHS = NO;
				CLANG_ANALYZER_NONNULL = YES;
				CLANG_ANALYZER_NUMBER_OBJECT_CONVERSION = YES_AGGRESSIVE;
				CLANG_CXX_LANGUAGE_STANDARD = "gnu++14";
				CLANG_CXX_LIBRARY = "libc++";
				CLANG_ENABLE_MODULES = YES;
				CLANG_ENABLE_OBJC_ARC = NO;
				CLANG_ENABLE_OBJC_WEAK = YES;
				CLANG_WARN_BLOCK_CAPTURE_AUTORELEASING = YES;
				CLANG_WARN_BOOL_CONVERSION = YES;
				CLANG_WARN_COMMA = YES;
				CLANG_WARN_CONSTANT_CONVERSION = YES;
				CLANG_WARN_DEPRECATED_OBJC_IMPLEMENTATIONS = YES;
				CLANG_WARN_DIRECT_OBJC_ISA_USAGE = YES_ERROR;
				CLANG_WARN_DOCUMENTATION_COMMENTS = YES;
				CLANG_WARN_EMPTY_BODY = YES;
				CLANG_WARN_ENUM_CONVERSION = YES;
				CLANG_WARN_INFINITE_RECURSION = YES;
				CLANG_WARN_INT_CONVERSION = YES;
				CLANG_WARN_NON_LITERAL_NULL_CONVERSION = YES;
				CLANG_WARN_OBJC_IMPLICIT_RETAIN_SELF = YES;
				CLANG_WARN_OBJC_LITERAL_CONVERSION = YES;
				CLANG_WARN_OBJC_ROOT_CLASS = YES_ERROR;
				CLANG_WARN_RANGE_LOOP_ANALYSIS = YES;
				CLANG_WARN_STRICT_PROTOTYPES = YES;
				CLANG_WARN_SUSPICIOUS_MOVE = YES;
				CLANG_WARN_UNGUARDED_AVAILABILITY = YES_AGGRESSIVE;
				CLANG_WARN_UNREACHABLE_CODE = YES;
				CLANG_WARN__DUPLICATE_METHOD_MATCH = YES;
				CODE_SIGN_IDENTITY = "iPhone Developer";
				COPY_PHASE_STRIP = NO;
				DEBUG_INFORMATION_FORMAT = dwarf;
				ENABLE_STRICT_OBJC_MSGSEND = YES;
				ENABLE_TESTABILITY = YES;
				GCC_C_LANGUAGE_STANDARD = gnu11;
				GCC_DYNAMIC_NO_PIC = NO;
				GCC_NO_COMMON_BLOCKS = YES;
				GCC_OPTIMIZATION_LEVEL = 0;
				GCC_PREPROCESSOR_DEFINITIONS = (
					"DEBUG=1",
					"$(inherited)",
				);
				GCC_WARN_64_TO_32_BIT_CONVERSION = YES;
				GCC_WARN_ABOUT_RETURN_TYPE = YES_ERROR;
				GCC_WARN_UNDECLARED_SELECTOR = YES;
				GCC_WARN_UNINITIALIZED_AUTOS = YES_AGGRESSIVE;
				GCC_WARN_UNUSED_FUNCTION = YES;
				GCC_WARN_UNUSED_VARIABLE = YES;
				IPHONEOS_DEPLOYMENT_TARGET = 11.4;
				MTL_ENABLE_DEBUG_INFO = YES;
				ONLY_ACTIVE_ARCH = YES;
				SDKROOT = iphoneos;
			};
			name = Debug;
		};
		3CDAA70A2108D59200D36684 /* Release */ = {
			isa = XCBuildConfiguration;
			buildSettings = {
				ALWAYS_SEARCH_USER_PATHS = NO;
				CLANG_ANALYZER_NONNULL = YES;
				CLANG_ANALYZER_NUMBER_OBJECT_CONVERSION = YES_AGGRESSIVE;
				CLANG_CXX_LANGUAGE_STANDARD = "gnu++14";
				CLANG_CXX_LIBRARY = "libc++";
				CLANG_ENABLE_MODULES = YES;
				CLANG_ENABLE_OBJC_ARC = NO;
				CLANG_ENABLE_OBJC_WEAK = YES;
				CLANG_WARN_BLOCK_CAPTURE_AUTORELEASING = YES;
				CLANG_WARN_BOOL_CONVERSION = YES;
				CLANG_WARN_COMMA = YES;
				CLANG_WARN_CONSTANT_CONVERSION = YES;
				CLANG_WARN_DEPRECATED_OBJC_IMPLEMENTATIONS = YES;
				CLANG_WARN_DIRECT_OBJC_ISA_USAGE = YES_ERROR;
				CLANG_WARN_DOCUMENTATION_COMMENTS = YES;
				CLANG_WARN_EMPTY_BODY = YES;
				CLANG_WARN_ENUM_CONVERSION = YES;
				CLANG_WARN_INFINITE_RECURSION = YES;
				CLANG_WARN_INT_CONVERSION = YES;
				CLANG_WARN_NON_LITERAL_NULL_CONVERSION = YES;
				CLANG_WARN_OBJC_IMPLICIT_RETAIN_SELF = YES;
				CLANG_WARN_OBJC_LITERAL_CONVERSION = YES;
				CLANG_WARN_OBJC_ROOT_CLASS = YES_ERROR;
				CLANG_WARN_RANGE_LOOP_ANALYSIS = YES;
				CLANG_WARN_STRICT_PROTOTYPES = YES;
				CLANG_WARN_SUSPICIOUS_MOVE = YES;
				CLANG_WARN_UNGUARDED_AVAILABILITY = YES_AGGRESSIVE;
				CLANG_WARN_UNREACHABLE_CODE = YES;
				CLANG_WARN__DUPLICATE_METHOD_MATCH = YES;
				CODE_SIGN_IDENTITY = "iPhone Developer";
				COPY_PHASE_STRIP = NO;
				DEBUG_INFORMATION_FORMAT = "dwarf-with-dsym";
				ENABLE_NS_ASSERTIONS = NO;
				ENABLE_STRICT_OBJC_MSGSEND = YES;
				GCC_C_LANGUAGE_STANDARD = gnu11;
				GCC_NO_COMMON_BLOCKS = YES;
				GCC_WARN_64_TO_32_BIT_CONVERSION = YES;
				GCC_WARN_ABOUT_RETURN_TYPE = YES_ERROR;
				GCC_WARN_UNDECLARED_SELECTOR = YES;
				GCC_WARN_UNINITIALIZED_AUTOS = YES_AGGRESSIVE;
				GCC_WARN_UNUSED_FUNCTION = YES;
				GCC_WARN_UNUSED_VARIABLE = YES;
				IPHONEOS_DEPLOYMENT_TARGET = 11.4;
				MTL_ENABLE_DEBUG_INFO = NO;
				SDKROOT = iphoneos;
				VALIDATE_PRODUCT = YES;
			};
			name = Release;
		};
		3CDAA70C2108D59200D36684 /* Debug */ = {
			isa = XCBuildConfiguration;
			buildSettings = {
				ASSETCATALOG_COMPILER_APPICON_NAME = AppIcon;
				CODE_SIGN_STYLE = Automatic;
				INFOPLIST_FILE = "$(SRCROOT)/ContactsC/Resources/Info.plist";
				LD_RUNPATH_SEARCH_PATHS = (
					"$(inherited)",
					"@executable_path/Frameworks",
				);
				PRODUCT_BUNDLE_IDENTIFIER = io.Lanza.ContactsC;
				PRODUCT_NAME = "$(TARGET_NAME)";
				TARGETED_DEVICE_FAMILY = "1,2";
			};
			name = Debug;
		};
		3CDAA70D2108D59200D36684 /* Release */ = {
			isa = XCBuildConfiguration;
			buildSettings = {
				ASSETCATALOG_COMPILER_APPICON_NAME = AppIcon;
				CODE_SIGN_STYLE = Automatic;
				INFOPLIST_FILE = "$(SRCROOT)/ContactsC/Resources/Info.plist";
				LD_RUNPATH_SEARCH_PATHS = (
					"$(inherited)",
					"@executable_path/Frameworks",
				);
				PRODUCT_BUNDLE_IDENTIFIER = io.Lanza.ContactsC;
				PRODUCT_NAME = "$(TARGET_NAME)";
				TARGETED_DEVICE_FAMILY = "1,2";
			};
			name = Release;
		};
/* End XCBuildConfiguration section */

/* Begin XCConfigurationList section */
		3CDAA6F02108D59000D36684 /* Build configuration list for PBXProject "ContactsC" */ = {
			isa = XCConfigurationList;
			buildConfigurations = (
				3CDAA7092108D59200D36684 /* Debug */,
				3CDAA70A2108D59200D36684 /* Release */,
			);
			defaultConfigurationIsVisible = 0;
			defaultConfigurationName = Release;
		};
		3CDAA70B2108D59200D36684 /* Build configuration list for PBXNativeTarget "ContactsC" */ = {
			isa = XCConfigurationList;
			buildConfigurations = (
				3CDAA70C2108D59200D36684 /* Debug */,
				3CDAA70D2108D59200D36684 /* Release */,
			);
			defaultConfigurationIsVisible = 0;
			defaultConfigurationName = Release;
		};
/* End XCConfigurationList section */
	};
	rootObject = 3CDAA6ED2108D59000D36684 /* Project object */;
}
