// !$*UTF8*$!
{
	archiveVersion = 1;
	classes = {
	};
	objectVersion = 50;
	objects = {

/* Begin PBXBuildFile section */
		3C96A046212478E60010F962 /* NumberController.swift in Sources */ = {isa = PBXBuildFile; fileRef = 3C96A045212478E50010F962 /* NumberController.swift */; };
		3CAE3B77212353D90035B7A6 /* AppDelegate.swift in Sources */ = {isa = PBXBuildFile; fileRef = 3CAE3B76212353D90035B7A6 /* AppDelegate.swift */; };
		3CAE3B7E212353DA0035B7A6 /* Assets.xcassets in Resources */ = {isa = PBXBuildFile; fileRef = 3CAE3B7D212353DA0035B7A6 /* Assets.xcassets */; };
		3CAE3B81212353DA0035B7A6 /* LaunchScreen.storyboard in Resources */ = {isa = PBXBuildFile; fileRef = 3CAE3B7F212353DA0035B7A6 /* LaunchScreen.storyboard */; };
		3CAE3B8A2123543A0035B7A6 /* CalculateViewController.swift in Sources */ = {isa = PBXBuildFile; fileRef = 3CAE3B892123543A0035B7A6 /* CalculateViewController.swift */; };
		3CAE3B8E21235D480035B7A6 /* Constant.swift in Sources */ = {isa = PBXBuildFile; fileRef = 3CAE3B8D21235D480035B7A6 /* Constant.swift */; };
		3CE42ED92123709800FA2D2B /* Principal.swift in Sources */ = {isa = PBXBuildFile; fileRef = 3CE42ED82123709800FA2D2B /* Principal.swift */; };
		3CE42EDB2123711400FA2D2B /* PrincipalController.swift in Sources */ = {isa = PBXBuildFile; fileRef = 3CE42EDA2123711400FA2D2B /* PrincipalController.swift */; };
		3CE42EDD2123766600FA2D2B /* MonthlyPaymentViewController.swift in Sources */ = {isa = PBXBuildFile; fileRef = 3CE42EDC2123766600FA2D2B /* MonthlyPaymentViewController.swift */; };
/* End PBXBuildFile section */

/* Begin PBXFileReference section */
		3C96A045212478E50010F962 /* NumberController.swift */ = {isa = PBXFileReference; lastKnownFileType = sourcecode.swift; path = NumberController.swift; sourceTree = "<group>"; };
		3CAE3B73212353D90035B7A6 /* MonthlyPaymentsCalculator.app */ = {isa = PBXFileReference; explicitFileType = wrapper.application; includeInIndex = 0; path = MonthlyPaymentsCalculator.app; sourceTree = BUILT_PRODUCTS_DIR; };
		3CAE3B76212353D90035B7A6 /* AppDelegate.swift */ = {isa = PBXFileReference; lastKnownFileType = sourcecode.swift; path = AppDelegate.swift; sourceTree = "<group>"; };
		3CAE3B7D212353DA0035B7A6 /* Assets.xcassets */ = {isa = PBXFileReference; lastKnownFileType = folder.assetcatalog; path = Assets.xcassets; sourceTree = "<group>"; };
		3CAE3B80212353DA0035B7A6 /* Base */ = {isa = PBXFileReference; lastKnownFileType = file.storyboard; name = Base; path = Base.lproj/LaunchScreen.storyboard; sourceTree = "<group>"; };
		3CAE3B82212353DA0035B7A6 /* Info.plist */ = {isa = PBXFileReference; lastKnownFileType = text.plist.xml; path = Info.plist; sourceTree = "<group>"; };
		3CAE3B892123543A0035B7A6 /* CalculateViewController.swift */ = {isa = PBXFileReference; lastKnownFileType = sourcecode.swift; path = CalculateViewController.swift; sourceTree = "<group>"; };
		3CAE3B8D21235D480035B7A6 /* Constant.swift */ = {isa = PBXFileReference; lastKnownFileType = sourcecode.swift; path = Constant.swift; sourceTree = "<group>"; };
		3CE42ED82123709800FA2D2B /* Principal.swift */ = {isa = PBXFileReference; lastKnownFileType = sourcecode.swift; path = Principal.swift; sourceTree = "<group>"; };
		3CE42EDA2123711400FA2D2B /* PrincipalController.swift */ = {isa = PBXFileReference; lastKnownFileType = sourcecode.swift; path = PrincipalController.swift; sourceTree = "<group>"; };
		3CE42EDC2123766600FA2D2B /* MonthlyPaymentViewController.swift */ = {isa = PBXFileReference; lastKnownFileType = sourcecode.swift; path = MonthlyPaymentViewController.swift; sourceTree = "<group>"; };
/* End PBXFileReference section */

/* Begin PBXFrameworksBuildPhase section */
		3CAE3B70212353D90035B7A6 /* Frameworks */ = {
			isa = PBXFrameworksBuildPhase;
			buildActionMask = 2147483647;
			files = (
			);
			runOnlyForDeploymentPostprocessing = 0;
		};
/* End PBXFrameworksBuildPhase section */

/* Begin PBXGroup section */
		3CAE3B6A212353D90035B7A6 = {
			isa = PBXGroup;
			children = (
				3CAE3B75212353D90035B7A6 /* MonthlyPaymentsCalculator */,
				3CAE3B74212353D90035B7A6 /* Products */,
			);
			sourceTree = "<group>";
		};
		3CAE3B74212353D90035B7A6 /* Products */ = {
			isa = PBXGroup;
			children = (
				3CAE3B73212353D90035B7A6 /* MonthlyPaymentsCalculator.app */,
			);
			name = Products;
			sourceTree = "<group>";
		};
		3CAE3B75212353D90035B7A6 /* MonthlyPaymentsCalculator */ = {
			isa = PBXGroup;
			children = (
				3CAE3B76212353D90035B7A6 /* AppDelegate.swift */,
				3CC9927C2124853D009BDCD5 /* Helpers */,
				3CC9927921248510009BDCD5 /* Models */,
				3CC9927A21248516009BDCD5 /* Model Controllers */,
				3CC9927B2124852B009BDCD5 /* View Controllers */,
				3CAE3B88212353E60035B7A6 /* Resources */,
			);
			path = MonthlyPaymentsCalculator;
			sourceTree = "<group>";
		};
		3CAE3B88212353E60035B7A6 /* Resources */ = {
			isa = PBXGroup;
			children = (
				3CAE3B7D212353DA0035B7A6 /* Assets.xcassets */,
				3CAE3B7F212353DA0035B7A6 /* LaunchScreen.storyboard */,
				3CAE3B82212353DA0035B7A6 /* Info.plist */,
			);
			path = Resources;
			sourceTree = "<group>";
		};
		3CC9927921248510009BDCD5 /* Models */ = {
			isa = PBXGroup;
			children = (
				3CE42ED82123709800FA2D2B /* Principal.swift */,
			);
			path = Models;
			sourceTree = "<group>";
		};
		3CC9927A21248516009BDCD5 /* Model Controllers */ = {
			isa = PBXGroup;
			children = (
				3CE42EDA2123711400FA2D2B /* PrincipalController.swift */,
			);
			path = "Model Controllers";
			sourceTree = "<group>";
		};
		3CC9927B2124852B009BDCD5 /* View Controllers */ = {
			isa = PBXGroup;
			children = (
				3CAE3B892123543A0035B7A6 /* CalculateViewController.swift */,
				3CE42EDC2123766600FA2D2B /* MonthlyPaymentViewController.swift */,
			);
			path = "View Controllers";
			sourceTree = "<group>";
		};
		3CC9927C2124853D009BDCD5 /* Helpers */ = {
			isa = PBXGroup;
			children = (
				3C96A045212478E50010F962 /* NumberController.swift */,
				3CAE3B8D21235D480035B7A6 /* Constant.swift */,
			);
			path = Helpers;
			sourceTree = "<group>";
		};
/* End PBXGroup section */

/* Begin PBXNativeTarget section */
		3CAE3B72212353D90035B7A6 /* MonthlyPaymentsCalculator */ = {
			isa = PBXNativeTarget;
			buildConfigurationList = 3CAE3B85212353DA0035B7A6 /* Build configuration list for PBXNativeTarget "MonthlyPaymentsCalculator" */;
			buildPhases = (
				3CAE3B6F212353D90035B7A6 /* Sources */,
				3CAE3B70212353D90035B7A6 /* Frameworks */,
				3CAE3B71212353D90035B7A6 /* Resources */,
			);
			buildRules = (
			);
			dependencies = (
			);
			name = MonthlyPaymentsCalculator;
			productName = MonthlyPaymentsCalculator;
			productReference = 3CAE3B73212353D90035B7A6 /* MonthlyPaymentsCalculator.app */;
			productType = "com.apple.product-type.application";
		};
/* End PBXNativeTarget section */

/* Begin PBXProject section */
		3CAE3B6B212353D90035B7A6 /* Project object */ = {
			isa = PBXProject;
			attributes = {
				LastSwiftUpdateCheck = 0940;
				LastUpgradeCheck = 0940;
				ORGANIZATIONNAME = ETLanza;
				TargetAttributes = {
					3CAE3B72212353D90035B7A6 = {
						CreatedOnToolsVersion = 9.4.1;
					};
				};
			};
			buildConfigurationList = 3CAE3B6E212353D90035B7A6 /* Build configuration list for PBXProject "MonthlyPaymentsCalculator" */;
			compatibilityVersion = "Xcode 9.3";
			developmentRegion = en;
			hasScannedForEncodings = 0;
			knownRegions = (
				en,
				Base,
			);
			mainGroup = 3CAE3B6A212353D90035B7A6;
			productRefGroup = 3CAE3B74212353D90035B7A6 /* Products */;
			projectDirPath = "";
			projectRoot = "";
			targets = (
				3CAE3B72212353D90035B7A6 /* MonthlyPaymentsCalculator */,
			);
		};
/* End PBXProject section */

/* Begin PBXResourcesBuildPhase section */
		3CAE3B71212353D90035B7A6 /* Resources */ = {
			isa = PBXResourcesBuildPhase;
			buildActionMask = 2147483647;
			files = (
				3CAE3B81212353DA0035B7A6 /* LaunchScreen.storyboard in Resources */,
				3CAE3B7E212353DA0035B7A6 /* Assets.xcassets in Resources */,
			);
			runOnlyForDeploymentPostprocessing = 0;
		};
/* End PBXResourcesBuildPhase section */

/* Begin PBXSourcesBuildPhase section */
		3CAE3B6F212353D90035B7A6 /* Sources */ = {
			isa = PBXSourcesBuildPhase;
			buildActionMask = 2147483647;
			files = (
				3CE42EDB2123711400FA2D2B /* PrincipalController.swift in Sources */,
				3CE42EDD2123766600FA2D2B /* MonthlyPaymentViewController.swift in Sources */,
				3CAE3B77212353D90035B7A6 /* AppDelegate.swift in Sources */,
				3CAE3B8A2123543A0035B7A6 /* CalculateViewController.swift in Sources */,
				3CE42ED92123709800FA2D2B /* Principal.swift in Sources */,
				3C96A046212478E60010F962 /* NumberController.swift in Sources */,
				3CAE3B8E21235D480035B7A6 /* Constant.swift in Sources */,
			);
			runOnlyForDeploymentPostprocessing = 0;
		};
/* End PBXSourcesBuildPhase section */

/* Begin PBXVariantGroup section */
		3CAE3B7F212353DA0035B7A6 /* LaunchScreen.storyboard */ = {
			isa = PBXVariantGroup;
			children = (
				3CAE3B80212353DA0035B7A6 /* Base */,
			);
			name = LaunchScreen.storyboard;
			sourceTree = "<group>";
		};
/* End PBXVariantGroup section */

/* Begin XCBuildConfiguration section */
		3CAE3B83212353DA0035B7A6 /* Debug */ = {
			isa = XCBuildConfiguration;
			buildSettings = {
				ALWAYS_SEARCH_USER_PATHS = NO;
				CLANG_ANALYZER_NONNULL = YES;
				CLANG_ANALYZER_NUMBER_OBJECT_CONVERSION = YES_AGGRESSIVE;
				CLANG_CXX_LANGUAGE_STANDARD = "gnu++14";
				CLANG_CXX_LIBRARY = "libc++";
				CLANG_ENABLE_MODULES = YES;
				CLANG_ENABLE_OBJC_ARC = YES;
				CLANG_ENABLE_OBJC_WEAK = YES;
				CLANG_WARN_BLOCK_CAPTURE_AUTORELEASING = YES;
				CLANG_WARN_BOOL_CONVERSION = YES;
				CLANG_WARN_COMMA = YES;
				CLANG_WARN_CONSTANT_CONVERSION = YES;
				CLANG_WARN_DEPRECATED_OBJC_IMPLEMENTATIONS = YES;
				CLANG_WARN_DIRECT_OBJC_ISA_USAGE = YES_ERROR;
				CLANG_WARN_DOCUMENTATION_COMMENTS = YES;
				CLANG_WARN_EMPTY_BODY = YES;
				CLANG_WARN_ENUM_CONVERSION = YES;
				CLANG_WARN_INFINITE_RECURSION = YES;
				CLANG_WARN_INT_CONVERSION = YES;
				CLANG_WARN_NON_LITERAL_NULL_CONVERSION = YES;
				CLANG_WARN_OBJC_IMPLICIT_RETAIN_SELF = YES;
				CLANG_WARN_OBJC_LITERAL_CONVERSION = YES;
				CLANG_WARN_OBJC_ROOT_CLASS = YES_ERROR;
				CLANG_WARN_RANGE_LOOP_ANALYSIS = YES;
				CLANG_WARN_STRICT_PROTOTYPES = YES;
				CLANG_WARN_SUSPICIOUS_MOVE = YES;
				CLANG_WARN_UNGUARDED_AVAILABILITY = YES_AGGRESSIVE;
				CLANG_WARN_UNREACHABLE_CODE = YES;
				CLANG_WARN__DUPLICATE_METHOD_MATCH = YES;
				CODE_SIGN_IDENTITY = "iPhone Developer";
				COPY_PHASE_STRIP = NO;
				DEBUG_INFORMATION_FORMAT = dwarf;
				ENABLE_STRICT_OBJC_MSGSEND = YES;
				ENABLE_TESTABILITY = YES;
				GCC_C_LANGUAGE_STANDARD = gnu11;
				GCC_DYNAMIC_NO_PIC = NO;
				GCC_NO_COMMON_BLOCKS = YES;
				GCC_OPTIMIZATION_LEVEL = 0;
				GCC_PREPROCESSOR_DEFINITIONS = (
					"DEBUG=1",
					"$(inherited)",
				);
				GCC_WARN_64_TO_32_BIT_CONVERSION = YES;
				GCC_WARN_ABOUT_RETURN_TYPE = YES_ERROR;
				GCC_WARN_UNDECLARED_SELECTOR = YES;
				GCC_WARN_UNINITIALIZED_AUTOS = YES_AGGRESSIVE;
				GCC_WARN_UNUSED_FUNCTION = YES;
				GCC_WARN_UNUSED_VARIABLE = YES;
				IPHONEOS_DEPLOYMENT_TARGET = 11.4;
				MTL_ENABLE_DEBUG_INFO = YES;
				ONLY_ACTIVE_ARCH = YES;
				SDKROOT = iphoneos;
				SWIFT_ACTIVE_COMPILATION_CONDITIONS = DEBUG;
				SWIFT_OPTIMIZATION_LEVEL = "-Onone";
			};
			name = Debug;
		};
		3CAE3B84212353DA0035B7A6 /* Release */ = {
			isa = XCBuildConfiguration;
			buildSettings = {
				ALWAYS_SEARCH_USER_PATHS = NO;
				CLANG_ANALYZER_NONNULL = YES;
				CLANG_ANALYZER_NUMBER_OBJECT_CONVERSION = YES_AGGRESSIVE;
				CLANG_CXX_LANGUAGE_STANDARD = "gnu++14";
				CLANG_CXX_LIBRARY = "libc++";
				CLANG_ENABLE_MODULES = YES;
				CLANG_ENABLE_OBJC_ARC = YES;
				CLANG_ENABLE_OBJC_WEAK = YES;
				CLANG_WARN_BLOCK_CAPTURE_AUTORELEASING = YES;
				CLANG_WARN_BOOL_CONVERSION = YES;
				CLANG_WARN_COMMA = YES;
				CLANG_WARN_CONSTANT_CONVERSION = YES;
				CLANG_WARN_DEPRECATED_OBJC_IMPLEMENTATIONS = YES;
				CLANG_WARN_DIRECT_OBJC_ISA_USAGE = YES_ERROR;
				CLANG_WARN_DOCUMENTATION_COMMENTS = YES;
				CLANG_WARN_EMPTY_BODY = YES;
				CLANG_WARN_ENUM_CONVERSION = YES;
				CLANG_WARN_INFINITE_RECURSION = YES;
				CLANG_WARN_INT_CONVERSION = YES;
				CLANG_WARN_NON_LITERAL_NULL_CONVERSION = YES;
				CLANG_WARN_OBJC_IMPLICIT_RETAIN_SELF = YES;
				CLANG_WARN_OBJC_LITERAL_CONVERSION = YES;
				CLANG_WARN_OBJC_ROOT_CLASS = YES_ERROR;
				CLANG_WARN_RANGE_LOOP_ANALYSIS = YES;
				CLANG_WARN_STRICT_PROTOTYPES = YES;
				CLANG_WARN_SUSPICIOUS_MOVE = YES;
				CLANG_WARN_UNGUARDED_AVAILABILITY = YES_AGGRESSIVE;
				CLANG_WARN_UNREACHABLE_CODE = YES;
				CLANG_WARN__DUPLICATE_METHOD_MATCH = YES;
				CODE_SIGN_IDENTITY = "iPhone Developer";
				COPY_PHASE_STRIP = NO;
				DEBUG_INFORMATION_FORMAT = "dwarf-with-dsym";
				ENABLE_NS_ASSERTIONS = NO;
				ENABLE_STRICT_OBJC_MSGSEND = YES;
				GCC_C_LANGUAGE_STANDARD = gnu11;
				GCC_NO_COMMON_BLOCKS = YES;
				GCC_WARN_64_TO_32_BIT_CONVERSION = YES;
				GCC_WARN_ABOUT_RETURN_TYPE = YES_ERROR;
				GCC_WARN_UNDECLARED_SELECTOR = YES;
				GCC_WARN_UNINITIALIZED_AUTOS = YES_AGGRESSIVE;
				GCC_WARN_UNUSED_FUNCTION = YES;
				GCC_WARN_UNUSED_VARIABLE = YES;
				IPHONEOS_DEPLOYMENT_TARGET = 11.4;
				MTL_ENABLE_DEBUG_INFO = NO;
				SDKROOT = iphoneos;
				SWIFT_COMPILATION_MODE = wholemodule;
				SWIFT_OPTIMIZATION_LEVEL = "-O";
				VALIDATE_PRODUCT = YES;
			};
			name = Release;
		};
		3CAE3B86212353DA0035B7A6 /* Debug */ = {
			isa = XCBuildConfiguration;
			buildSettings = {
				ASSETCATALOG_COMPILER_APPICON_NAME = AppIcon;
				CODE_SIGN_STYLE = Automatic;
				DEVELOPMENT_TEAM = LWP4U374KN;
				INFOPLIST_FILE = "$(SRCROOT)/MonthlyPaymentsCalculator/Resources/Info.plist";
				LD_RUNPATH_SEARCH_PATHS = (
					"$(inherited)",
					"@executable_path/Frameworks",
				);
				PRODUCT_BUNDLE_IDENTIFIER = io.Lanza.MonthlyPaymentsCalculator;
				PRODUCT_NAME = "$(TARGET_NAME)";
				SWIFT_VERSION = 4.0;
				TARGETED_DEVICE_FAMILY = "1,2";
			};
			name = Debug;
		};
		3CAE3B87212353DA0035B7A6 /* Release */ = {
			isa = XCBuildConfiguration;
			buildSettings = {
				ASSETCATALOG_COMPILER_APPICON_NAME = AppIcon;
				CODE_SIGN_STYLE = Automatic;
				DEVELOPMENT_TEAM = LWP4U374KN;
				INFOPLIST_FILE = "$(SRCROOT)/MonthlyPaymentsCalculator/Resources/Info.plist";
				LD_RUNPATH_SEARCH_PATHS = (
					"$(inherited)",
					"@executable_path/Frameworks",
				);
				PRODUCT_BUNDLE_IDENTIFIER = io.Lanza.MonthlyPaymentsCalculator;
				PRODUCT_NAME = "$(TARGET_NAME)";
				SWIFT_VERSION = 4.0;
				TARGETED_DEVICE_FAMILY = "1,2";
			};
			name = Release;
		};
/* End XCBuildConfiguration section */

/* Begin XCConfigurationList section */
		3CAE3B6E212353D90035B7A6 /* Build configuration list for PBXProject "MonthlyPaymentsCalculator" */ = {
			isa = XCConfigurationList;
			buildConfigurations = (
				3CAE3B83212353DA0035B7A6 /* Debug */,
				3CAE3B84212353DA0035B7A6 /* Release */,
			);
			defaultConfigurationIsVisible = 0;
			defaultConfigurationName = Release;
		};
		3CAE3B85212353DA0035B7A6 /* Build configuration list for PBXNativeTarget "MonthlyPaymentsCalculator" */ = {
			isa = XCConfigurationList;
			buildConfigurations = (
				3CAE3B86212353DA0035B7A6 /* Debug */,
				3CAE3B87212353DA0035B7A6 /* Release */,
			);
			defaultConfigurationIsVisible = 0;
			defaultConfigurationName = Release;
		};
/* End XCConfigurationList section */
	};
	rootObject = 3CAE3B6B212353D90035B7A6 /* Project object */;
}
