// !$*UTF8*$!
{
	archiveVersion = 1;
	classes = {
	};
	objectVersion = 50;
	objects = {

/* Begin PBXBuildFile section */
		3C098CB9210633C5004EEDFA /* AppDelegate.m in Sources */ = {isa = PBXBuildFile; fileRef = 3C098CB8210633C5004EEDFA /* AppDelegate.m */; };
		3C098CBF210633C5004EEDFA /* Main.storyboard in Resources */ = {isa = PBXBuildFile; fileRef = 3C098CBD210633C5004EEDFA /* Main.storyboard */; };
		3C098CC1210633C7004EEDFA /* Assets.xcassets in Resources */ = {isa = PBXBuildFile; fileRef = 3C098CC0210633C7004EEDFA /* Assets.xcassets */; };
		3C098CC4210633C7004EEDFA /* LaunchScreen.storyboard in Resources */ = {isa = PBXBuildFile; fileRef = 3C098CC2210633C7004EEDFA /* LaunchScreen.storyboard */; };
		3C098CC7210633C7004EEDFA /* main.m in Sources */ = {isa = PBXBuildFile; fileRef = 3C098CC6210633C7004EEDFA /* main.m */; };
		3C098CD321063904004EEDFA /* ETLSong.m in Sources */ = {isa = PBXBuildFile; fileRef = 3C098CD221063904004EEDFA /* ETLSong.m */; };
		3C098CD62106390D004EEDFA /* ETLPlaylist.m in Sources */ = {isa = PBXBuildFile; fileRef = 3C098CD52106390D004EEDFA /* ETLPlaylist.m */; };
		3C098CDA210646E3004EEDFA /* ETLPlaylistController.m in Sources */ = {isa = PBXBuildFile; fileRef = 3C098CD9210646E3004EEDFA /* ETLPlaylistController.m */; };
		3C098CDE21064E96004EEDFA /* ETLMainTableViewController.m in Sources */ = {isa = PBXBuildFile; fileRef = 3C098CDD21064E96004EEDFA /* ETLMainTableViewController.m */; };
		3C098CE121064EA1004EEDFA /* ETLDetailTableViewController.m in Sources */ = {isa = PBXBuildFile; fileRef = 3C098CE021064EA1004EEDFA /* ETLDetailTableViewController.m */; };
/* End PBXBuildFile section */

/* Begin PBXFileReference section */
		3C098CB4210633C5004EEDFA /* PlaylistC.app */ = {isa = PBXFileReference; explicitFileType = wrapper.application; includeInIndex = 0; path = PlaylistC.app; sourceTree = BUILT_PRODUCTS_DIR; };
		3C098CB7210633C5004EEDFA /* AppDelegate.h */ = {isa = PBXFileReference; lastKnownFileType = sourcecode.c.h; path = AppDelegate.h; sourceTree = "<group>"; };
		3C098CB8210633C5004EEDFA /* AppDelegate.m */ = {isa = PBXFileReference; lastKnownFileType = sourcecode.c.objc; path = AppDelegate.m; sourceTree = "<group>"; };
		3C098CBE210633C5004EEDFA /* Base */ = {isa = PBXFileReference; lastKnownFileType = file.storyboard; name = Base; path = Base.lproj/Main.storyboard; sourceTree = "<group>"; };
		3C098CC0210633C7004EEDFA /* Assets.xcassets */ = {isa = PBXFileReference; lastKnownFileType = folder.assetcatalog; path = Assets.xcassets; sourceTree = "<group>"; };
		3C098CC3210633C7004EEDFA /* Base */ = {isa = PBXFileReference; lastKnownFileType = file.storyboard; name = Base; path = Base.lproj/LaunchScreen.storyboard; sourceTree = "<group>"; };
		3C098CC5210633C7004EEDFA /* Info.plist */ = {isa = PBXFileReference; lastKnownFileType = text.plist.xml; path = Info.plist; sourceTree = "<group>"; };
		3C098CC6210633C7004EEDFA /* main.m */ = {isa = PBXFileReference; lastKnownFileType = sourcecode.c.objc; path = main.m; sourceTree = "<group>"; };
		3C098CD121063904004EEDFA /* ETLSong.h */ = {isa = PBXFileReference; lastKnownFileType = sourcecode.c.h; path = ETLSong.h; sourceTree = "<group>"; };
		3C098CD221063904004EEDFA /* ETLSong.m */ = {isa = PBXFileReference; lastKnownFileType = sourcecode.c.objc; path = ETLSong.m; sourceTree = "<group>"; };
		3C098CD42106390D004EEDFA /* ETLPlaylist.h */ = {isa = PBXFileReference; lastKnownFileType = sourcecode.c.h; path = ETLPlaylist.h; sourceTree = "<group>"; };
		3C098CD52106390D004EEDFA /* ETLPlaylist.m */ = {isa = PBXFileReference; lastKnownFileType = sourcecode.c.objc; path = ETLPlaylist.m; sourceTree = "<group>"; };
		3C098CD8210646E3004EEDFA /* ETLPlaylistController.h */ = {isa = PBXFileReference; lastKnownFileType = sourcecode.c.h; path = ETLPlaylistController.h; sourceTree = "<group>"; };
		3C098CD9210646E3004EEDFA /* ETLPlaylistController.m */ = {isa = PBXFileReference; lastKnownFileType = sourcecode.c.objc; path = ETLPlaylistController.m; sourceTree = "<group>"; };
		3C098CDC21064E96004EEDFA /* ETLMainTableViewController.h */ = {isa = PBXFileReference; lastKnownFileType = sourcecode.c.h; path = ETLMainTableViewController.h; sourceTree = "<group>"; };
		3C098CDD21064E96004EEDFA /* ETLMainTableViewController.m */ = {isa = PBXFileReference; lastKnownFileType = sourcecode.c.objc; path = ETLMainTableViewController.m; sourceTree = "<group>"; };
		3C098CDF21064EA1004EEDFA /* ETLDetailTableViewController.h */ = {isa = PBXFileReference; lastKnownFileType = sourcecode.c.h; path = ETLDetailTableViewController.h; sourceTree = "<group>"; };
		3C098CE021064EA1004EEDFA /* ETLDetailTableViewController.m */ = {isa = PBXFileReference; lastKnownFileType = sourcecode.c.objc; path = ETLDetailTableViewController.m; sourceTree = "<group>"; };
/* End PBXFileReference section */

/* Begin PBXFrameworksBuildPhase section */
		3C098CB1210633C5004EEDFA /* Frameworks */ = {
			isa = PBXFrameworksBuildPhase;
			buildActionMask = 2147483647;
			files = (
			);
			runOnlyForDeploymentPostprocessing = 0;
		};
/* End PBXFrameworksBuildPhase section */

/* Begin PBXGroup section */
		3C098CAB210633C5004EEDFA = {
			isa = PBXGroup;
			children = (
				3C098CB6210633C5004EEDFA /* PlaylistC */,
				3C098CB5210633C5004EEDFA /* Products */,
			);
			sourceTree = "<group>";
		};
		3C098CB5210633C5004EEDFA /* Products */ = {
			isa = PBXGroup;
			children = (
				3C098CB4210633C5004EEDFA /* PlaylistC.app */,
			);
			name = Products;
			sourceTree = "<group>";
		};
		3C098CB6210633C5004EEDFA /* PlaylistC */ = {
			isa = PBXGroup;
			children = (
				3C098CB7210633C5004EEDFA /* AppDelegate.h */,
				3C098CB8210633C5004EEDFA /* AppDelegate.m */,
				3C098CD721063937004EEDFA /* Models */,
				3C098CE321064EAF004EEDFA /* Controllers */,
				3C098CBD210633C5004EEDFA /* Main.storyboard */,
				3C098CCD210634E5004EEDFA /* Resources */,
			);
			path = PlaylistC;
			sourceTree = "<group>";
		};
		3C098CCD210634E5004EEDFA /* Resources */ = {
			isa = PBXGroup;
			children = (
				3C098CC0210633C7004EEDFA /* Assets.xcassets */,
				3C098CC2210633C7004EEDFA /* LaunchScreen.storyboard */,
				3C098CC5210633C7004EEDFA /* Info.plist */,
				3C098CC6210633C7004EEDFA /* main.m */,
			);
			path = Resources;
			sourceTree = "<group>";
		};
		3C098CD721063937004EEDFA /* Models */ = {
			isa = PBXGroup;
			children = (
				3C098CD42106390D004EEDFA /* ETLPlaylist.h */,
				3C098CD52106390D004EEDFA /* ETLPlaylist.m */,
				3C098CD121063904004EEDFA /* ETLSong.h */,
				3C098CD221063904004EEDFA /* ETLSong.m */,
			);
			path = Models;
			sourceTree = "<group>";
		};
		3C098CDB210646E7004EEDFA /* Model Controllers */ = {
			isa = PBXGroup;
			children = (
				3C098CD8210646E3004EEDFA /* ETLPlaylistController.h */,
				3C098CD9210646E3004EEDFA /* ETLPlaylistController.m */,
			);
			path = "Model Controllers";
			sourceTree = "<group>";
		};
		3C098CE221064EA5004EEDFA /* View Controllers */ = {
			isa = PBXGroup;
			children = (
				3C098CDC21064E96004EEDFA /* ETLMainTableViewController.h */,
				3C098CDD21064E96004EEDFA /* ETLMainTableViewController.m */,
				3C098CDF21064EA1004EEDFA /* ETLDetailTableViewController.h */,
				3C098CE021064EA1004EEDFA /* ETLDetailTableViewController.m */,
			);
			path = "View Controllers";
			sourceTree = "<group>";
		};
		3C098CE321064EAF004EEDFA /* Controllers */ = {
			isa = PBXGroup;
			children = (
				3C098CDB210646E7004EEDFA /* Model Controllers */,
				3C098CE221064EA5004EEDFA /* View Controllers */,
			);
			path = Controllers;
			sourceTree = "<group>";
		};
/* End PBXGroup section */

/* Begin PBXNativeTarget section */
		3C098CB3210633C5004EEDFA /* PlaylistC */ = {
			isa = PBXNativeTarget;
			buildConfigurationList = 3C098CCA210633C7004EEDFA /* Build configuration list for PBXNativeTarget "PlaylistC" */;
			buildPhases = (
				3C098CB0210633C5004EEDFA /* Sources */,
				3C098CB1210633C5004EEDFA /* Frameworks */,
				3C098CB2210633C5004EEDFA /* Resources */,
			);
			buildRules = (
			);
			dependencies = (
			);
			name = PlaylistC;
			productName = PlaylistC;
			productReference = 3C098CB4210633C5004EEDFA /* PlaylistC.app */;
			productType = "com.apple.product-type.application";
		};
/* End PBXNativeTarget section */

/* Begin PBXProject section */
		3C098CAC210633C5004EEDFA /* Project object */ = {
			isa = PBXProject;
			attributes = {
				CLASSPREFIX = ETL;
				LastUpgradeCheck = 0940;
				ORGANIZATIONNAME = ETLanza;
				TargetAttributes = {
					3C098CB3210633C5004EEDFA = {
						CreatedOnToolsVersion = 9.4.1;
					};
				};
			};
			buildConfigurationList = 3C098CAF210633C5004EEDFA /* Build configuration list for PBXProject "PlaylistC" */;
			compatibilityVersion = "Xcode 9.3";
			developmentRegion = en;
			hasScannedForEncodings = 0;
			knownRegions = (
				en,
				Base,
			);
			mainGroup = 3C098CAB210633C5004EEDFA;
			productRefGroup = 3C098CB5210633C5004EEDFA /* Products */;
			projectDirPath = "";
			projectRoot = "";
			targets = (
				3C098CB3210633C5004EEDFA /* PlaylistC */,
			);
		};
/* End PBXProject section */

/* Begin PBXResourcesBuildPhase section */
		3C098CB2210633C5004EEDFA /* Resources */ = {
			isa = PBXResourcesBuildPhase;
			buildActionMask = 2147483647;
			files = (
				3C098CC4210633C7004EEDFA /* LaunchScreen.storyboard in Resources */,
				3C098CC1210633C7004EEDFA /* Assets.xcassets in Resources */,
				3C098CBF210633C5004EEDFA /* Main.storyboard in Resources */,
			);
			runOnlyForDeploymentPostprocessing = 0;
		};
/* End PBXResourcesBuildPhase section */

/* Begin PBXSourcesBuildPhase section */
		3C098CB0210633C5004EEDFA /* Sources */ = {
			isa = PBXSourcesBuildPhase;
			buildActionMask = 2147483647;
			files = (
				3C098CC7210633C7004EEDFA /* main.m in Sources */,
				3C098CD321063904004EEDFA /* ETLSong.m in Sources */,
				3C098CDE21064E96004EEDFA /* ETLMainTableViewController.m in Sources */,
				3C098CE121064EA1004EEDFA /* ETLDetailTableViewController.m in Sources */,
				3C098CB9210633C5004EEDFA /* AppDelegate.m in Sources */,
				3C098CDA210646E3004EEDFA /* ETLPlaylistController.m in Sources */,
				3C098CD62106390D004EEDFA /* ETLPlaylist.m in Sources */,
			);
			runOnlyForDeploymentPostprocessing = 0;
		};
/* End PBXSourcesBuildPhase section */

/* Begin PBXVariantGroup section */
		3C098CBD210633C5004EEDFA /* Main.storyboard */ = {
			isa = PBXVariantGroup;
			children = (
				3C098CBE210633C5004EEDFA /* Base */,
			);
			name = Main.storyboard;
			sourceTree = "<group>";
		};
		3C098CC2210633C7004EEDFA /* LaunchScreen.storyboard */ = {
			isa = PBXVariantGroup;
			children = (
				3C098CC3210633C7004EEDFA /* Base */,
			);
			name = LaunchScreen.storyboard;
			sourceTree = "<group>";
		};
/* End PBXVariantGroup section */

/* Begin XCBuildConfiguration section */
		3C098CC8210633C7004EEDFA /* Debug */ = {
			isa = XCBuildConfiguration;
			buildSettings = {
				ALWAYS_SEARCH_USER_PATHS = NO;
				CLANG_ANALYZER_NONNULL = YES;
				CLANG_ANALYZER_NUMBER_OBJECT_CONVERSION = YES_AGGRESSIVE;
				CLANG_CXX_LANGUAGE_STANDARD = "gnu++14";
				CLANG_CXX_LIBRARY = "libc++";
				CLANG_ENABLE_MODULES = YES;
				CLANG_ENABLE_OBJC_ARC = YES;
				CLANG_ENABLE_OBJC_WEAK = YES;
				CLANG_WARN_BLOCK_CAPTURE_AUTORELEASING = YES;
				CLANG_WARN_BOOL_CONVERSION = YES;
				CLANG_WARN_COMMA = YES;
				CLANG_WARN_CONSTANT_CONVERSION = YES;
				CLANG_WARN_DEPRECATED_OBJC_IMPLEMENTATIONS = YES;
				CLANG_WARN_DIRECT_OBJC_ISA_USAGE = YES_ERROR;
				CLANG_WARN_DOCUMENTATION_COMMENTS = YES;
				CLANG_WARN_EMPTY_BODY = YES;
				CLANG_WARN_ENUM_CONVERSION = YES;
				CLANG_WARN_INFINITE_RECURSION = YES;
				CLANG_WARN_INT_CONVERSION = YES;
				CLANG_WARN_NON_LITERAL_NULL_CONVERSION = YES;
				CLANG_WARN_OBJC_IMPLICIT_RETAIN_SELF = YES;
				CLANG_WARN_OBJC_LITERAL_CONVERSION = YES;
				CLANG_WARN_OBJC_ROOT_CLASS = YES_ERROR;
				CLANG_WARN_RANGE_LOOP_ANALYSIS = YES;
				CLANG_WARN_STRICT_PROTOTYPES = YES;
				CLANG_WARN_SUSPICIOUS_MOVE = YES;
				CLANG_WARN_UNGUARDED_AVAILABILITY = YES_AGGRESSIVE;
				CLANG_WARN_UNREACHABLE_CODE = YES;
				CLANG_WARN__DUPLICATE_METHOD_MATCH = YES;
				CODE_SIGN_IDENTITY = "iPhone Developer";
				COPY_PHASE_STRIP = NO;
				DEBUG_INFORMATION_FORMAT = dwarf;
				ENABLE_STRICT_OBJC_MSGSEND = YES;
				ENABLE_TESTABILITY = YES;
				GCC_C_LANGUAGE_STANDARD = gnu11;
				GCC_DYNAMIC_NO_PIC = NO;
				GCC_NO_COMMON_BLOCKS = YES;
				GCC_OPTIMIZATION_LEVEL = 0;
				GCC_PREPROCESSOR_DEFINITIONS = (
					"DEBUG=1",
					"$(inherited)",
				);
				GCC_WARN_64_TO_32_BIT_CONVERSION = YES;
				GCC_WARN_ABOUT_RETURN_TYPE = YES_ERROR;
				GCC_WARN_UNDECLARED_SELECTOR = YES;
				GCC_WARN_UNINITIALIZED_AUTOS = YES_AGGRESSIVE;
				GCC_WARN_UNUSED_FUNCTION = YES;
				GCC_WARN_UNUSED_VARIABLE = YES;
				IPHONEOS_DEPLOYMENT_TARGET = 11.4;
				MTL_ENABLE_DEBUG_INFO = YES;
				ONLY_ACTIVE_ARCH = YES;
				SDKROOT = iphoneos;
			};
			name = Debug;
		};
		3C098CC9210633C7004EEDFA /* Release */ = {
			isa = XCBuildConfiguration;
			buildSettings = {
				ALWAYS_SEARCH_USER_PATHS = NO;
				CLANG_ANALYZER_NONNULL = YES;
				CLANG_ANALYZER_NUMBER_OBJECT_CONVERSION = YES_AGGRESSIVE;
				CLANG_CXX_LANGUAGE_STANDARD = "gnu++14";
				CLANG_CXX_LIBRARY = "libc++";
				CLANG_ENABLE_MODULES = YES;
				CLANG_ENABLE_OBJC_ARC = YES;
				CLANG_ENABLE_OBJC_WEAK = YES;
				CLANG_WARN_BLOCK_CAPTURE_AUTORELEASING = YES;
				CLANG_WARN_BOOL_CONVERSION = YES;
				CLANG_WARN_COMMA = YES;
				CLANG_WARN_CONSTANT_CONVERSION = YES;
				CLANG_WARN_DEPRECATED_OBJC_IMPLEMENTATIONS = YES;
				CLANG_WARN_DIRECT_OBJC_ISA_USAGE = YES_ERROR;
				CLANG_WARN_DOCUMENTATION_COMMENTS = YES;
				CLANG_WARN_EMPTY_BODY = YES;
				CLANG_WARN_ENUM_CONVERSION = YES;
				CLANG_WARN_INFINITE_RECURSION = YES;
				CLANG_WARN_INT_CONVERSION = YES;
				CLANG_WARN_NON_LITERAL_NULL_CONVERSION = YES;
				CLANG_WARN_OBJC_IMPLICIT_RETAIN_SELF = YES;
				CLANG_WARN_OBJC_LITERAL_CONVERSION = YES;
				CLANG_WARN_OBJC_ROOT_CLASS = YES_ERROR;
				CLANG_WARN_RANGE_LOOP_ANALYSIS = YES;
				CLANG_WARN_STRICT_PROTOTYPES = YES;
				CLANG_WARN_SUSPICIOUS_MOVE = YES;
				CLANG_WARN_UNGUARDED_AVAILABILITY = YES_AGGRESSIVE;
				CLANG_WARN_UNREACHABLE_CODE = YES;
				CLANG_WARN__DUPLICATE_METHOD_MATCH = YES;
				CODE_SIGN_IDENTITY = "iPhone Developer";
				COPY_PHASE_STRIP = NO;
				DEBUG_INFORMATION_FORMAT = "dwarf-with-dsym";
				ENABLE_NS_ASSERTIONS = NO;
				ENABLE_STRICT_OBJC_MSGSEND = YES;
				GCC_C_LANGUAGE_STANDARD = gnu11;
				GCC_NO_COMMON_BLOCKS = YES;
				GCC_WARN_64_TO_32_BIT_CONVERSION = YES;
				GCC_WARN_ABOUT_RETURN_TYPE = YES_ERROR;
				GCC_WARN_UNDECLARED_SELECTOR = YES;
				GCC_WARN_UNINITIALIZED_AUTOS = YES_AGGRESSIVE;
				GCC_WARN_UNUSED_FUNCTION = YES;
				GCC_WARN_UNUSED_VARIABLE = YES;
				IPHONEOS_DEPLOYMENT_TARGET = 11.4;
				MTL_ENABLE_DEBUG_INFO = NO;
				SDKROOT = iphoneos;
				VALIDATE_PRODUCT = YES;
			};
			name = Release;
		};
		3C098CCB210633C7004EEDFA /* Debug */ = {
			isa = XCBuildConfiguration;
			buildSettings = {
				ASSETCATALOG_COMPILER_APPICON_NAME = AppIcon;
				CODE_SIGN_STYLE = Automatic;
				INFOPLIST_FILE = "$(SRCROOT)/PlaylistC/Resources/Info.plist";
				LD_RUNPATH_SEARCH_PATHS = (
					"$(inherited)",
					"@executable_path/Frameworks",
				);
				PRODUCT_BUNDLE_IDENTIFIER = io.Lanza.PlaylistC;
				PRODUCT_NAME = "$(TARGET_NAME)";
				TARGETED_DEVICE_FAMILY = "1,2";
			};
			name = Debug;
		};
		3C098CCC210633C7004EEDFA /* Release */ = {
			isa = XCBuildConfiguration;
			buildSettings = {
				ASSETCATALOG_COMPILER_APPICON_NAME = AppIcon;
				CODE_SIGN_STYLE = Automatic;
				INFOPLIST_FILE = "$(SRCROOT)/PlaylistC/Resources/Info.plist";
				LD_RUNPATH_SEARCH_PATHS = (
					"$(inherited)",
					"@executable_path/Frameworks",
				);
				PRODUCT_BUNDLE_IDENTIFIER = io.Lanza.PlaylistC;
				PRODUCT_NAME = "$(TARGET_NAME)";
				TARGETED_DEVICE_FAMILY = "1,2";
			};
			name = Release;
		};
/* End XCBuildConfiguration section */

/* Begin XCConfigurationList section */
		3C098CAF210633C5004EEDFA /* Build configuration list for PBXProject "PlaylistC" */ = {
			isa = XCConfigurationList;
			buildConfigurations = (
				3C098CC8210633C7004EEDFA /* Debug */,
				3C098CC9210633C7004EEDFA /* Release */,
			);
			defaultConfigurationIsVisible = 0;
			defaultConfigurationName = Release;
		};
		3C098CCA210633C7004EEDFA /* Build configuration list for PBXNativeTarget "PlaylistC" */ = {
			isa = XCConfigurationList;
			buildConfigurations = (
				3C098CCB210633C7004EEDFA /* Debug */,
				3C098CCC210633C7004EEDFA /* Release */,
			);
			defaultConfigurationIsVisible = 0;
			defaultConfigurationName = Release;
		};
/* End XCConfigurationList section */
	};
	rootObject = 3C098CAC210633C5004EEDFA /* Project object */;
}
