// !$*UTF8*$!
{
	archiveVersion = 1;
	classes = {
	};
	objectVersion = 50;
	objects = {

/* Begin PBXBuildFile section */
		3CEC322D20ED962500E397E9 /* AppDelegate.swift in Sources */ = {isa = PBXBuildFile; fileRef = 3CEC322C20ED962500E397E9 /* AppDelegate.swift */; };
		3CEC322F20ED962600E397E9 /* ViewController.swift in Sources */ = {isa = PBXBuildFile; fileRef = 3CEC322E20ED962600E397E9 /* ViewController.swift */; };
		3CEC323220ED962600E397E9 /* Main.storyboard in Resources */ = {isa = PBXBuildFile; fileRef = 3CEC323020ED962600E397E9 /* Main.storyboard */; };
		3CEC323420ED962600E397E9 /* Assets.xcassets in Resources */ = {isa = PBXBuildFile; fileRef = 3CEC323320ED962600E397E9 /* Assets.xcassets */; };
		3CEC323720ED962600E397E9 /* LaunchScreen.storyboard in Resources */ = {isa = PBXBuildFile; fileRef = 3CEC323520ED962600E397E9 /* LaunchScreen.storyboard */; };
		3CEC324220ED962600E397E9 /* FallableInitilizersTests.swift in Sources */ = {isa = PBXBuildFile; fileRef = 3CEC324120ED962600E397E9 /* FallableInitilizersTests.swift */; };
		3CEC324D20ED962600E397E9 /* FallableInitilizersUITests.swift in Sources */ = {isa = PBXBuildFile; fileRef = 3CEC324C20ED962600E397E9 /* FallableInitilizersUITests.swift */; };
		3CEC325C20ED965800E397E9 /* Person.swift in Sources */ = {isa = PBXBuildFile; fileRef = 3CEC325B20ED965800E397E9 /* Person.swift */; };
/* End PBXBuildFile section */

/* Begin PBXContainerItemProxy section */
		3CEC323E20ED962600E397E9 /* PBXContainerItemProxy */ = {
			isa = PBXContainerItemProxy;
			containerPortal = 3CEC322120ED962500E397E9 /* Project object */;
			proxyType = 1;
			remoteGlobalIDString = 3CEC322820ED962500E397E9;
			remoteInfo = FallableInitilizers;
		};
		3CEC324920ED962600E397E9 /* PBXContainerItemProxy */ = {
			isa = PBXContainerItemProxy;
			containerPortal = 3CEC322120ED962500E397E9 /* Project object */;
			proxyType = 1;
			remoteGlobalIDString = 3CEC322820ED962500E397E9;
			remoteInfo = FallableInitilizers;
		};
/* End PBXContainerItemProxy section */

/* Begin PBXFileReference section */
		3CEC322920ED962500E397E9 /* FallableInitilizers.app */ = {isa = PBXFileReference; explicitFileType = wrapper.application; includeInIndex = 0; path = FallableInitilizers.app; sourceTree = BUILT_PRODUCTS_DIR; };
		3CEC322C20ED962500E397E9 /* AppDelegate.swift */ = {isa = PBXFileReference; lastKnownFileType = sourcecode.swift; path = AppDelegate.swift; sourceTree = "<group>"; };
		3CEC322E20ED962600E397E9 /* ViewController.swift */ = {isa = PBXFileReference; lastKnownFileType = sourcecode.swift; path = ViewController.swift; sourceTree = "<group>"; };
		3CEC323120ED962600E397E9 /* Base */ = {isa = PBXFileReference; lastKnownFileType = file.storyboard; name = Base; path = Base.lproj/Main.storyboard; sourceTree = "<group>"; };
		3CEC323320ED962600E397E9 /* Assets.xcassets */ = {isa = PBXFileReference; lastKnownFileType = folder.assetcatalog; path = Assets.xcassets; sourceTree = "<group>"; };
		3CEC323620ED962600E397E9 /* Base */ = {isa = PBXFileReference; lastKnownFileType = file.storyboard; name = Base; path = Base.lproj/LaunchScreen.storyboard; sourceTree = "<group>"; };
		3CEC323820ED962600E397E9 /* Info.plist */ = {isa = PBXFileReference; lastKnownFileType = text.plist.xml; path = Info.plist; sourceTree = "<group>"; };
		3CEC323D20ED962600E397E9 /* FallableInitilizersTests.xctest */ = {isa = PBXFileReference; explicitFileType = wrapper.cfbundle; includeInIndex = 0; path = FallableInitilizersTests.xctest; sourceTree = BUILT_PRODUCTS_DIR; };
		3CEC324120ED962600E397E9 /* FallableInitilizersTests.swift */ = {isa = PBXFileReference; lastKnownFileType = sourcecode.swift; path = FallableInitilizersTests.swift; sourceTree = "<group>"; };
		3CEC324320ED962600E397E9 /* Info.plist */ = {isa = PBXFileReference; lastKnownFileType = text.plist.xml; path = Info.plist; sourceTree = "<group>"; };
		3CEC324820ED962600E397E9 /* FallableInitilizersUITests.xctest */ = {isa = PBXFileReference; explicitFileType = wrapper.cfbundle; includeInIndex = 0; path = FallableInitilizersUITests.xctest; sourceTree = BUILT_PRODUCTS_DIR; };
		3CEC324C20ED962600E397E9 /* FallableInitilizersUITests.swift */ = {isa = PBXFileReference; lastKnownFileType = sourcecode.swift; path = FallableInitilizersUITests.swift; sourceTree = "<group>"; };
		3CEC324E20ED962600E397E9 /* Info.plist */ = {isa = PBXFileReference; lastKnownFileType = text.plist.xml; path = Info.plist; sourceTree = "<group>"; };
		3CEC325B20ED965800E397E9 /* Person.swift */ = {isa = PBXFileReference; lastKnownFileType = sourcecode.swift; path = Person.swift; sourceTree = "<group>"; };
/* End PBXFileReference section */

/* Begin PBXFrameworksBuildPhase section */
		3CEC322620ED962500E397E9 /* Frameworks */ = {
			isa = PBXFrameworksBuildPhase;
			buildActionMask = 2147483647;
			files = (
			);
			runOnlyForDeploymentPostprocessing = 0;
		};
		3CEC323A20ED962600E397E9 /* Frameworks */ = {
			isa = PBXFrameworksBuildPhase;
			buildActionMask = 2147483647;
			files = (
			);
			runOnlyForDeploymentPostprocessing = 0;
		};
		3CEC324520ED962600E397E9 /* Frameworks */ = {
			isa = PBXFrameworksBuildPhase;
			buildActionMask = 2147483647;
			files = (
			);
			runOnlyForDeploymentPostprocessing = 0;
		};
/* End PBXFrameworksBuildPhase section */

/* Begin PBXGroup section */
		3CEC322020ED962500E397E9 = {
			isa = PBXGroup;
			children = (
				3CEC322B20ED962500E397E9 /* FallableInitilizers */,
				3CEC324020ED962600E397E9 /* FallableInitilizersTests */,
				3CEC324B20ED962600E397E9 /* FallableInitilizersUITests */,
				3CEC322A20ED962500E397E9 /* Products */,
			);
			sourceTree = "<group>";
		};
		3CEC322A20ED962500E397E9 /* Products */ = {
			isa = PBXGroup;
			children = (
				3CEC322920ED962500E397E9 /* FallableInitilizers.app */,
				3CEC323D20ED962600E397E9 /* FallableInitilizersTests.xctest */,
				3CEC324820ED962600E397E9 /* FallableInitilizersUITests.xctest */,
			);
			name = Products;
			sourceTree = "<group>";
		};
		3CEC322B20ED962500E397E9 /* FallableInitilizers */ = {
			isa = PBXGroup;
			children = (
				3CEC322C20ED962500E397E9 /* AppDelegate.swift */,
				3CEC322E20ED962600E397E9 /* ViewController.swift */,
				3CEC325B20ED965800E397E9 /* Person.swift */,
				3CEC323020ED962600E397E9 /* Main.storyboard */,
				3CEC325A20ED962D00E397E9 /* Resources */,
			);
			path = FallableInitilizers;
			sourceTree = "<group>";
		};
		3CEC324020ED962600E397E9 /* FallableInitilizersTests */ = {
			isa = PBXGroup;
			children = (
				3CEC324120ED962600E397E9 /* FallableInitilizersTests.swift */,
				3CEC324320ED962600E397E9 /* Info.plist */,
			);
			path = FallableInitilizersTests;
			sourceTree = "<group>";
		};
		3CEC324B20ED962600E397E9 /* FallableInitilizersUITests */ = {
			isa = PBXGroup;
			children = (
				3CEC324C20ED962600E397E9 /* FallableInitilizersUITests.swift */,
				3CEC324E20ED962600E397E9 /* Info.plist */,
			);
			path = FallableInitilizersUITests;
			sourceTree = "<group>";
		};
		3CEC325A20ED962D00E397E9 /* Resources */ = {
			isa = PBXGroup;
			children = (
				3CEC323320ED962600E397E9 /* Assets.xcassets */,
				3CEC323520ED962600E397E9 /* LaunchScreen.storyboard */,
				3CEC323820ED962600E397E9 /* Info.plist */,
			);
			path = Resources;
			sourceTree = "<group>";
		};
/* End PBXGroup section */

/* Begin PBXNativeTarget section */
		3CEC322820ED962500E397E9 /* FallableInitilizers */ = {
			isa = PBXNativeTarget;
			buildConfigurationList = 3CEC325120ED962600E397E9 /* Build configuration list for PBXNativeTarget "FallableInitilizers" */;
			buildPhases = (
				3CEC322520ED962500E397E9 /* Sources */,
				3CEC322620ED962500E397E9 /* Frameworks */,
				3CEC322720ED962500E397E9 /* Resources */,
			);
			buildRules = (
			);
			dependencies = (
			);
			name = FallableInitilizers;
			productName = FallableInitilizers;
			productReference = 3CEC322920ED962500E397E9 /* FallableInitilizers.app */;
			productType = "com.apple.product-type.application";
		};
		3CEC323C20ED962600E397E9 /* FallableInitilizersTests */ = {
			isa = PBXNativeTarget;
			buildConfigurationList = 3CEC325420ED962600E397E9 /* Build configuration list for PBXNativeTarget "FallableInitilizersTests" */;
			buildPhases = (
				3CEC323920ED962600E397E9 /* Sources */,
				3CEC323A20ED962600E397E9 /* Frameworks */,
				3CEC323B20ED962600E397E9 /* Resources */,
			);
			buildRules = (
			);
			dependencies = (
				3CEC323F20ED962600E397E9 /* PBXTargetDependency */,
			);
			name = FallableInitilizersTests;
			productName = FallableInitilizersTests;
			productReference = 3CEC323D20ED962600E397E9 /* FallableInitilizersTests.xctest */;
			productType = "com.apple.product-type.bundle.unit-test";
		};
		3CEC324720ED962600E397E9 /* FallableInitilizersUITests */ = {
			isa = PBXNativeTarget;
			buildConfigurationList = 3CEC325720ED962600E397E9 /* Build configuration list for PBXNativeTarget "FallableInitilizersUITests" */;
			buildPhases = (
				3CEC324420ED962600E397E9 /* Sources */,
				3CEC324520ED962600E397E9 /* Frameworks */,
				3CEC324620ED962600E397E9 /* Resources */,
			);
			buildRules = (
			);
			dependencies = (
				3CEC324A20ED962600E397E9 /* PBXTargetDependency */,
			);
			name = FallableInitilizersUITests;
			productName = FallableInitilizersUITests;
			productReference = 3CEC324820ED962600E397E9 /* FallableInitilizersUITests.xctest */;
			productType = "com.apple.product-type.bundle.ui-testing";
		};
/* End PBXNativeTarget section */

/* Begin PBXProject section */
		3CEC322120ED962500E397E9 /* Project object */ = {
			isa = PBXProject;
			attributes = {
				LastSwiftUpdateCheck = 0940;
				LastUpgradeCheck = 0940;
				ORGANIZATIONNAME = ETLanza;
				TargetAttributes = {
					3CEC322820ED962500E397E9 = {
						CreatedOnToolsVersion = 9.4.1;
					};
					3CEC323C20ED962600E397E9 = {
						CreatedOnToolsVersion = 9.4.1;
						TestTargetID = 3CEC322820ED962500E397E9;
					};
					3CEC324720ED962600E397E9 = {
						CreatedOnToolsVersion = 9.4.1;
						TestTargetID = 3CEC322820ED962500E397E9;
					};
				};
			};
			buildConfigurationList = 3CEC322420ED962500E397E9 /* Build configuration list for PBXProject "FallableInitilizers" */;
			compatibilityVersion = "Xcode 9.3";
			developmentRegion = en;
			hasScannedForEncodings = 0;
			knownRegions = (
				en,
				Base,
			);
			mainGroup = 3CEC322020ED962500E397E9;
			productRefGroup = 3CEC322A20ED962500E397E9 /* Products */;
			projectDirPath = "";
			projectRoot = "";
			targets = (
				3CEC322820ED962500E397E9 /* FallableInitilizers */,
				3CEC323C20ED962600E397E9 /* FallableInitilizersTests */,
				3CEC324720ED962600E397E9 /* FallableInitilizersUITests */,
			);
		};
/* End PBXProject section */

/* Begin PBXResourcesBuildPhase section */
		3CEC322720ED962500E397E9 /* Resources */ = {
			isa = PBXResourcesBuildPhase;
			buildActionMask = 2147483647;
			files = (
				3CEC323720ED962600E397E9 /* LaunchScreen.storyboard in Resources */,
				3CEC323420ED962600E397E9 /* Assets.xcassets in Resources */,
				3CEC323220ED962600E397E9 /* Main.storyboard in Resources */,
			);
			runOnlyForDeploymentPostprocessing = 0;
		};
		3CEC323B20ED962600E397E9 /* Resources */ = {
			isa = PBXResourcesBuildPhase;
			buildActionMask = 2147483647;
			files = (
			);
			runOnlyForDeploymentPostprocessing = 0;
		};
		3CEC324620ED962600E397E9 /* Resources */ = {
			isa = PBXResourcesBuildPhase;
			buildActionMask = 2147483647;
			files = (
			);
			runOnlyForDeploymentPostprocessing = 0;
		};
/* End PBXResourcesBuildPhase section */

/* Begin PBXSourcesBuildPhase section */
		3CEC322520ED962500E397E9 /* Sources */ = {
			isa = PBXSourcesBuildPhase;
			buildActionMask = 2147483647;
			files = (
				3CEC325C20ED965800E397E9 /* Person.swift in Sources */,
				3CEC322F20ED962600E397E9 /* ViewController.swift in Sources */,
				3CEC322D20ED962500E397E9 /* AppDelegate.swift in Sources */,
			);
			runOnlyForDeploymentPostprocessing = 0;
		};
		3CEC323920ED962600E397E9 /* Sources */ = {
			isa = PBXSourcesBuildPhase;
			buildActionMask = 2147483647;
			files = (
				3CEC324220ED962600E397E9 /* FallableInitilizersTests.swift in Sources */,
			);
			runOnlyForDeploymentPostprocessing = 0;
		};
		3CEC324420ED962600E397E9 /* Sources */ = {
			isa = PBXSourcesBuildPhase;
			buildActionMask = 2147483647;
			files = (
				3CEC324D20ED962600E397E9 /* FallableInitilizersUITests.swift in Sources */,
			);
			runOnlyForDeploymentPostprocessing = 0;
		};
/* End PBXSourcesBuildPhase section */

/* Begin PBXTargetDependency section */
		3CEC323F20ED962600E397E9 /* PBXTargetDependency */ = {
			isa = PBXTargetDependency;
			target = 3CEC322820ED962500E397E9 /* FallableInitilizers */;
			targetProxy = 3CEC323E20ED962600E397E9 /* PBXContainerItemProxy */;
		};
		3CEC324A20ED962600E397E9 /* PBXTargetDependency */ = {
			isa = PBXTargetDependency;
			target = 3CEC322820ED962500E397E9 /* FallableInitilizers */;
			targetProxy = 3CEC324920ED962600E397E9 /* PBXContainerItemProxy */;
		};
/* End PBXTargetDependency section */

/* Begin PBXVariantGroup section */
		3CEC323020ED962600E397E9 /* Main.storyboard */ = {
			isa = PBXVariantGroup;
			children = (
				3CEC323120ED962600E397E9 /* Base */,
			);
			name = Main.storyboard;
			sourceTree = "<group>";
		};
		3CEC323520ED962600E397E9 /* LaunchScreen.storyboard */ = {
			isa = PBXVariantGroup;
			children = (
				3CEC323620ED962600E397E9 /* Base */,
			);
			name = LaunchScreen.storyboard;
			sourceTree = "<group>";
		};
/* End PBXVariantGroup section */

/* Begin XCBuildConfiguration section */
		3CEC324F20ED962600E397E9 /* Debug */ = {
			isa = XCBuildConfiguration;
			buildSettings = {
				ALWAYS_SEARCH_USER_PATHS = NO;
				CLANG_ANALYZER_NONNULL = YES;
				CLANG_ANALYZER_NUMBER_OBJECT_CONVERSION = YES_AGGRESSIVE;
				CLANG_CXX_LANGUAGE_STANDARD = "gnu++14";
				CLANG_CXX_LIBRARY = "libc++";
				CLANG_ENABLE_MODULES = YES;
				CLANG_ENABLE_OBJC_ARC = YES;
				CLANG_ENABLE_OBJC_WEAK = YES;
				CLANG_WARN_BLOCK_CAPTURE_AUTORELEASING = YES;
				CLANG_WARN_BOOL_CONVERSION = YES;
				CLANG_WARN_COMMA = YES;
				CLANG_WARN_CONSTANT_CONVERSION = YES;
				CLANG_WARN_DEPRECATED_OBJC_IMPLEMENTATIONS = YES;
				CLANG_WARN_DIRECT_OBJC_ISA_USAGE = YES_ERROR;
				CLANG_WARN_DOCUMENTATION_COMMENTS = YES;
				CLANG_WARN_EMPTY_BODY = YES;
				CLANG_WARN_ENUM_CONVERSION = YES;
				CLANG_WARN_INFINITE_RECURSION = YES;
				CLANG_WARN_INT_CONVERSION = YES;
				CLANG_WARN_NON_LITERAL_NULL_CONVERSION = YES;
				CLANG_WARN_OBJC_IMPLICIT_RETAIN_SELF = YES;
				CLANG_WARN_OBJC_LITERAL_CONVERSION = YES;
				CLANG_WARN_OBJC_ROOT_CLASS = YES_ERROR;
				CLANG_WARN_RANGE_LOOP_ANALYSIS = YES;
				CLANG_WARN_STRICT_PROTOTYPES = YES;
				CLANG_WARN_SUSPICIOUS_MOVE = YES;
				CLANG_WARN_UNGUARDED_AVAILABILITY = YES_AGGRESSIVE;
				CLANG_WARN_UNREACHABLE_CODE = YES;
				CLANG_WARN__DUPLICATE_METHOD_MATCH = YES;
				CODE_SIGN_IDENTITY = "iPhone Developer";
				COPY_PHASE_STRIP = NO;
				DEBUG_INFORMATION_FORMAT = dwarf;
				ENABLE_STRICT_OBJC_MSGSEND = YES;
				ENABLE_TESTABILITY = YES;
				GCC_C_LANGUAGE_STANDARD = gnu11;
				GCC_DYNAMIC_NO_PIC = NO;
				GCC_NO_COMMON_BLOCKS = YES;
				GCC_OPTIMIZATION_LEVEL = 0;
				GCC_PREPROCESSOR_DEFINITIONS = (
					"DEBUG=1",
					"$(inherited)",
				);
				GCC_WARN_64_TO_32_BIT_CONVERSION = YES;
				GCC_WARN_ABOUT_RETURN_TYPE = YES_ERROR;
				GCC_WARN_UNDECLARED_SELECTOR = YES;
				GCC_WARN_UNINITIALIZED_AUTOS = YES_AGGRESSIVE;
				GCC_WARN_UNUSED_FUNCTION = YES;
				GCC_WARN_UNUSED_VARIABLE = YES;
				IPHONEOS_DEPLOYMENT_TARGET = 11.4;
				MTL_ENABLE_DEBUG_INFO = YES;
				ONLY_ACTIVE_ARCH = YES;
				SDKROOT = iphoneos;
				SWIFT_ACTIVE_COMPILATION_CONDITIONS = DEBUG;
				SWIFT_OPTIMIZATION_LEVEL = "-Onone";
			};
			name = Debug;
		};
		3CEC325020ED962600E397E9 /* Release */ = {
			isa = XCBuildConfiguration;
			buildSettings = {
				ALWAYS_SEARCH_USER_PATHS = NO;
				CLANG_ANALYZER_NONNULL = YES;
				CLANG_ANALYZER_NUMBER_OBJECT_CONVERSION = YES_AGGRESSIVE;
				CLANG_CXX_LANGUAGE_STANDARD = "gnu++14";
				CLANG_CXX_LIBRARY = "libc++";
				CLANG_ENABLE_MODULES = YES;
				CLANG_ENABLE_OBJC_ARC = YES;
				CLANG_ENABLE_OBJC_WEAK = YES;
				CLANG_WARN_BLOCK_CAPTURE_AUTORELEASING = YES;
				CLANG_WARN_BOOL_CONVERSION = YES;
				CLANG_WARN_COMMA = YES;
				CLANG_WARN_CONSTANT_CONVERSION = YES;
				CLANG_WARN_DEPRECATED_OBJC_IMPLEMENTATIONS = YES;
				CLANG_WARN_DIRECT_OBJC_ISA_USAGE = YES_ERROR;
				CLANG_WARN_DOCUMENTATION_COMMENTS = YES;
				CLANG_WARN_EMPTY_BODY = YES;
				CLANG_WARN_ENUM_CONVERSION = YES;
				CLANG_WARN_INFINITE_RECURSION = YES;
				CLANG_WARN_INT_CONVERSION = YES;
				CLANG_WARN_NON_LITERAL_NULL_CONVERSION = YES;
				CLANG_WARN_OBJC_IMPLICIT_RETAIN_SELF = YES;
				CLANG_WARN_OBJC_LITERAL_CONVERSION = YES;
				CLANG_WARN_OBJC_ROOT_CLASS = YES_ERROR;
				CLANG_WARN_RANGE_LOOP_ANALYSIS = YES;
				CLANG_WARN_STRICT_PROTOTYPES = YES;
				CLANG_WARN_SUSPICIOUS_MOVE = YES;
				CLANG_WARN_UNGUARDED_AVAILABILITY = YES_AGGRESSIVE;
				CLANG_WARN_UNREACHABLE_CODE = YES;
				CLANG_WARN__DUPLICATE_METHOD_MATCH = YES;
				CODE_SIGN_IDENTITY = "iPhone Developer";
				COPY_PHASE_STRIP = NO;
				DEBUG_INFORMATION_FORMAT = "dwarf-with-dsym";
				ENABLE_NS_ASSERTIONS = NO;
				ENABLE_STRICT_OBJC_MSGSEND = YES;
				GCC_C_LANGUAGE_STANDARD = gnu11;
				GCC_NO_COMMON_BLOCKS = YES;
				GCC_WARN_64_TO_32_BIT_CONVERSION = YES;
				GCC_WARN_ABOUT_RETURN_TYPE = YES_ERROR;
				GCC_WARN_UNDECLARED_SELECTOR = YES;
				GCC_WARN_UNINITIALIZED_AUTOS = YES_AGGRESSIVE;
				GCC_WARN_UNUSED_FUNCTION = YES;
				GCC_WARN_UNUSED_VARIABLE = YES;
				IPHONEOS_DEPLOYMENT_TARGET = 11.4;
				MTL_ENABLE_DEBUG_INFO = NO;
				SDKROOT = iphoneos;
				SWIFT_COMPILATION_MODE = wholemodule;
				SWIFT_OPTIMIZATION_LEVEL = "-O";
				VALIDATE_PRODUCT = YES;
			};
			name = Release;
		};
		3CEC325220ED962600E397E9 /* Debug */ = {
			isa = XCBuildConfiguration;
			buildSettings = {
				ASSETCATALOG_COMPILER_APPICON_NAME = AppIcon;
				CODE_SIGN_STYLE = Automatic;
				DEVELOPMENT_TEAM = LWP4U374KN;
				INFOPLIST_FILE = "$(SRCROOT)/FallableInitilizers/Resources/Info.plist";
				LD_RUNPATH_SEARCH_PATHS = (
					"$(inherited)",
					"@executable_path/Frameworks",
				);
				PRODUCT_BUNDLE_IDENTIFIER = io.Lanza.FallableInitilizers;
				PRODUCT_NAME = "$(TARGET_NAME)";
				SWIFT_VERSION = 4.0;
				TARGETED_DEVICE_FAMILY = "1,2";
			};
			name = Debug;
		};
		3CEC325320ED962600E397E9 /* Release */ = {
			isa = XCBuildConfiguration;
			buildSettings = {
				ASSETCATALOG_COMPILER_APPICON_NAME = AppIcon;
				CODE_SIGN_STYLE = Automatic;
				DEVELOPMENT_TEAM = LWP4U374KN;
				INFOPLIST_FILE = "$(SRCROOT)/FallableInitilizers/Resources/Info.plist";
				LD_RUNPATH_SEARCH_PATHS = (
					"$(inherited)",
					"@executable_path/Frameworks",
				);
				PRODUCT_BUNDLE_IDENTIFIER = io.Lanza.FallableInitilizers;
				PRODUCT_NAME = "$(TARGET_NAME)";
				SWIFT_VERSION = 4.0;
				TARGETED_DEVICE_FAMILY = "1,2";
			};
			name = Release;
		};
		3CEC325520ED962600E397E9 /* Debug */ = {
			isa = XCBuildConfiguration;
			buildSettings = {
				ALWAYS_EMBED_SWIFT_STANDARD_LIBRARIES = YES;
				BUNDLE_LOADER = "$(TEST_HOST)";
				CODE_SIGN_STYLE = Automatic;
				DEVELOPMENT_TEAM = LWP4U374KN;
				INFOPLIST_FILE = FallableInitilizersTests/Info.plist;
				LD_RUNPATH_SEARCH_PATHS = (
					"$(inherited)",
					"@executable_path/Frameworks",
					"@loader_path/Frameworks",
				);
				PRODUCT_BUNDLE_IDENTIFIER = io.Lanza.FallableInitilizersTests;
				PRODUCT_NAME = "$(TARGET_NAME)";
				SWIFT_VERSION = 4.0;
				TARGETED_DEVICE_FAMILY = "1,2";
				TEST_HOST = "$(BUILT_PRODUCTS_DIR)/FallableInitilizers.app/FallableInitilizers";
			};
			name = Debug;
		};
		3CEC325620ED962600E397E9 /* Release */ = {
			isa = XCBuildConfiguration;
			buildSettings = {
				ALWAYS_EMBED_SWIFT_STANDARD_LIBRARIES = YES;
				BUNDLE_LOADER = "$(TEST_HOST)";
				CODE_SIGN_STYLE = Automatic;
				DEVELOPMENT_TEAM = LWP4U374KN;
				INFOPLIST_FILE = FallableInitilizersTests/Info.plist;
				LD_RUNPATH_SEARCH_PATHS = (
					"$(inherited)",
					"@executable_path/Frameworks",
					"@loader_path/Frameworks",
				);
				PRODUCT_BUNDLE_IDENTIFIER = io.Lanza.FallableInitilizersTests;
				PRODUCT_NAME = "$(TARGET_NAME)";
				SWIFT_VERSION = 4.0;
				TARGETED_DEVICE_FAMILY = "1,2";
				TEST_HOST = "$(BUILT_PRODUCTS_DIR)/FallableInitilizers.app/FallableInitilizers";
			};
			name = Release;
		};
		3CEC325820ED962600E397E9 /* Debug */ = {
			isa = XCBuildConfiguration;
			buildSettings = {
				ALWAYS_EMBED_SWIFT_STANDARD_LIBRARIES = YES;
				CODE_SIGN_STYLE = Automatic;
				DEVELOPMENT_TEAM = LWP4U374KN;
				INFOPLIST_FILE = FallableInitilizersUITests/Info.plist;
				LD_RUNPATH_SEARCH_PATHS = (
					"$(inherited)",
					"@executable_path/Frameworks",
					"@loader_path/Frameworks",
				);
				PRODUCT_BUNDLE_IDENTIFIER = io.Lanza.FallableInitilizersUITests;
				PRODUCT_NAME = "$(TARGET_NAME)";
				SWIFT_VERSION = 4.0;
				TARGETED_DEVICE_FAMILY = "1,2";
				TEST_TARGET_NAME = FallableInitilizers;
			};
			name = Debug;
		};
		3CEC325920ED962600E397E9 /* Release */ = {
			isa = XCBuildConfiguration;
			buildSettings = {
				ALWAYS_EMBED_SWIFT_STANDARD_LIBRARIES = YES;
				CODE_SIGN_STYLE = Automatic;
				DEVELOPMENT_TEAM = LWP4U374KN;
				INFOPLIST_FILE = FallableInitilizersUITests/Info.plist;
				LD_RUNPATH_SEARCH_PATHS = (
					"$(inherited)",
					"@executable_path/Frameworks",
					"@loader_path/Frameworks",
				);
				PRODUCT_BUNDLE_IDENTIFIER = io.Lanza.FallableInitilizersUITests;
				PRODUCT_NAME = "$(TARGET_NAME)";
				SWIFT_VERSION = 4.0;
				TARGETED_DEVICE_FAMILY = "1,2";
				TEST_TARGET_NAME = FallableInitilizers;
			};
			name = Release;
		};
/* End XCBuildConfiguration section */

/* Begin XCConfigurationList section */
		3CEC322420ED962500E397E9 /* Build configuration list for PBXProject "FallableInitilizers" */ = {
			isa = XCConfigurationList;
			buildConfigurations = (
				3CEC324F20ED962600E397E9 /* Debug */,
				3CEC325020ED962600E397E9 /* Release */,
			);
			defaultConfigurationIsVisible = 0;
			defaultConfigurationName = Release;
		};
		3CEC325120ED962600E397E9 /* Build configuration list for PBXNativeTarget "FallableInitilizers" */ = {
			isa = XCConfigurationList;
			buildConfigurations = (
				3CEC325220ED962600E397E9 /* Debug */,
				3CEC325320ED962600E397E9 /* Release */,
			);
			defaultConfigurationIsVisible = 0;
			defaultConfigurationName = Release;
		};
		3CEC325420ED962600E397E9 /* Build configuration list for PBXNativeTarget "FallableInitilizersTests" */ = {
			isa = XCConfigurationList;
			buildConfigurations = (
				3CEC325520ED962600E397E9 /* Debug */,
				3CEC325620ED962600E397E9 /* Release */,
			);
			defaultConfigurationIsVisible = 0;
			defaultConfigurationName = Release;
		};
		3CEC325720ED962600E397E9 /* Build configuration list for PBXNativeTarget "FallableInitilizersUITests" */ = {
			isa = XCConfigurationList;
			buildConfigurations = (
				3CEC325820ED962600E397E9 /* Debug */,
				3CEC325920ED962600E397E9 /* Release */,
			);
			defaultConfigurationIsVisible = 0;
			defaultConfigurationName = Release;
		};
/* End XCConfigurationList section */
	};
	rootObject = 3CEC322120ED962500E397E9 /* Project object */;
}
