// !$*UTF8*$!
{
	archiveVersion = 1;
	classes = {
	};
	objectVersion = 50;
	objects = {

/* Begin PBXBuildFile section */
		3C0DEAC020F7B98C00490DC2 /* AppDelegate.swift in Sources */ = {isa = PBXBuildFile; fileRef = 3C0DEABF20F7B98C00490DC2 /* AppDelegate.swift */; };
		3C0DEAC520F7B98C00490DC2 /* Main.storyboard in Resources */ = {isa = PBXBuildFile; fileRef = 3C0DEAC320F7B98C00490DC2 /* Main.storyboard */; };
		3C0DEAC720F7B98D00490DC2 /* Assets.xcassets in Resources */ = {isa = PBXBuildFile; fileRef = 3C0DEAC620F7B98D00490DC2 /* Assets.xcassets */; };
		3C0DEACA20F7B98D00490DC2 /* LaunchScreen.storyboard in Resources */ = {isa = PBXBuildFile; fileRef = 3C0DEAC820F7B98D00490DC2 /* LaunchScreen.storyboard */; };
		3C0DEAD420F7BE8800490DC2 /* JournalCoreData.xcdatamodeld in Sources */ = {isa = PBXBuildFile; fileRef = 3C0DEAD220F7BE8800490DC2 /* JournalCoreData.xcdatamodeld */; };
		3C0DEAD620F7BE9200490DC2 /* CoreDataStack.swift in Sources */ = {isa = PBXBuildFile; fileRef = 3C0DEAD520F7BE9200490DC2 /* CoreDataStack.swift */; };
		3C0DEAD920F7BFE600490DC2 /* Entry+Convenience.swift in Sources */ = {isa = PBXBuildFile; fileRef = 3C0DEAD820F7BFE600490DC2 /* Entry+Convenience.swift */; };
		3C5C529820F7C3E20096367C /* EntryController.swift in Sources */ = {isa = PBXBuildFile; fileRef = 3C5C529720F7C3E20096367C /* EntryController.swift */; };
		3C5C529A20F7C8500096367C /* MainTableViewController.swift in Sources */ = {isa = PBXBuildFile; fileRef = 3C5C529920F7C8500096367C /* MainTableViewController.swift */; };
		3C5C529C20F7C85F0096367C /* DetailViewController.swift in Sources */ = {isa = PBXBuildFile; fileRef = 3C5C529B20F7C85F0096367C /* DetailViewController.swift */; };
/* End PBXBuildFile section */

/* Begin PBXFileReference section */
		3C0DEABC20F7B98C00490DC2 /* JournalCoreData.app */ = {isa = PBXFileReference; explicitFileType = wrapper.application; includeInIndex = 0; path = JournalCoreData.app; sourceTree = BUILT_PRODUCTS_DIR; };
		3C0DEABF20F7B98C00490DC2 /* AppDelegate.swift */ = {isa = PBXFileReference; lastKnownFileType = sourcecode.swift; path = AppDelegate.swift; sourceTree = "<group>"; };
		3C0DEAC420F7B98C00490DC2 /* Base */ = {isa = PBXFileReference; lastKnownFileType = file.storyboard; name = Base; path = Base.lproj/Main.storyboard; sourceTree = "<group>"; };
		3C0DEAC620F7B98D00490DC2 /* Assets.xcassets */ = {isa = PBXFileReference; lastKnownFileType = folder.assetcatalog; path = Assets.xcassets; sourceTree = "<group>"; };
		3C0DEAC920F7B98D00490DC2 /* Base */ = {isa = PBXFileReference; lastKnownFileType = file.storyboard; name = Base; path = Base.lproj/LaunchScreen.storyboard; sourceTree = "<group>"; };
		3C0DEACB20F7B98D00490DC2 /* Info.plist */ = {isa = PBXFileReference; lastKnownFileType = text.plist.xml; path = Info.plist; sourceTree = "<group>"; };
		3C0DEAD320F7BE8800490DC2 /* JournalCoreData.xcdatamodel */ = {isa = PBXFileReference; lastKnownFileType = wrapper.xcdatamodel; path = JournalCoreData.xcdatamodel; sourceTree = "<group>"; };
		3C0DEAD520F7BE9200490DC2 /* CoreDataStack.swift */ = {isa = PBXFileReference; lastKnownFileType = sourcecode.swift; path = CoreDataStack.swift; sourceTree = "<group>"; };
		3C0DEAD820F7BFE600490DC2 /* Entry+Convenience.swift */ = {isa = PBXFileReference; lastKnownFileType = sourcecode.swift; path = "Entry+Convenience.swift"; sourceTree = "<group>"; };
		3C5C529720F7C3E20096367C /* EntryController.swift */ = {isa = PBXFileReference; lastKnownFileType = sourcecode.swift; path = EntryController.swift; sourceTree = "<group>"; };
		3C5C529920F7C8500096367C /* MainTableViewController.swift */ = {isa = PBXFileReference; lastKnownFileType = sourcecode.swift; path = MainTableViewController.swift; sourceTree = "<group>"; };
		3C5C529B20F7C85F0096367C /* DetailViewController.swift */ = {isa = PBXFileReference; lastKnownFileType = sourcecode.swift; path = DetailViewController.swift; sourceTree = "<group>"; };
/* End PBXFileReference section */

/* Begin PBXFrameworksBuildPhase section */
		3C0DEAB920F7B98C00490DC2 /* Frameworks */ = {
			isa = PBXFrameworksBuildPhase;
			buildActionMask = 2147483647;
			files = (
			);
			runOnlyForDeploymentPostprocessing = 0;
		};
/* End PBXFrameworksBuildPhase section */

/* Begin PBXGroup section */
		3C0DEAB320F7B98C00490DC2 = {
			isa = PBXGroup;
			children = (
				3C0DEABE20F7B98C00490DC2 /* JournalCoreData */,
				3C0DEABD20F7B98C00490DC2 /* Products */,
			);
			sourceTree = "<group>";
		};
		3C0DEABD20F7B98C00490DC2 /* Products */ = {
			isa = PBXGroup;
			children = (
				3C0DEABC20F7B98C00490DC2 /* JournalCoreData.app */,
			);
			name = Products;
			sourceTree = "<group>";
		};
		3C0DEABE20F7B98C00490DC2 /* JournalCoreData */ = {
			isa = PBXGroup;
			children = (
				3C0DEABF20F7B98C00490DC2 /* AppDelegate.swift */,
				3C0DEADA20F7C36300490DC2 /* Models */,
				3C5C529E20F7EA500096367C /* View Controllers */,
				3C0DEAD720F7BF0B00490DC2 /* CoreData */,
				3C5C529D20F7C8660096367C /* Storyboards */,
				3C0DEAD120F7B99500490DC2 /* Resources */,
			);
			path = JournalCoreData;
			sourceTree = "<group>";
		};
		3C0DEAD120F7B99500490DC2 /* Resources */ = {
			isa = PBXGroup;
			children = (
				3C0DEAC620F7B98D00490DC2 /* Assets.xcassets */,
				3C0DEAC820F7B98D00490DC2 /* LaunchScreen.storyboard */,
				3C0DEACB20F7B98D00490DC2 /* Info.plist */,
			);
			path = Resources;
			sourceTree = "<group>";
		};
		3C0DEAD720F7BF0B00490DC2 /* CoreData */ = {
			isa = PBXGroup;
			children = (
				3C0DEAD520F7BE9200490DC2 /* CoreDataStack.swift */,
				3C0DEAD220F7BE8800490DC2 /* JournalCoreData.xcdatamodeld */,
			);
			path = CoreData;
			sourceTree = "<group>";
		};
		3C0DEADA20F7C36300490DC2 /* Models */ = {
			isa = PBXGroup;
			children = (
				3C0DEAD820F7BFE600490DC2 /* Entry+Convenience.swift */,
				3C5C529720F7C3E20096367C /* EntryController.swift */,
			);
			path = Models;
			sourceTree = "<group>";
		};
		3C5C529D20F7C8660096367C /* Storyboards */ = {
			isa = PBXGroup;
			children = (
				3C0DEAC320F7B98C00490DC2 /* Main.storyboard */,
			);
			path = Storyboards;
			sourceTree = "<group>";
		};
		3C5C529E20F7EA500096367C /* View Controllers */ = {
			isa = PBXGroup;
			children = (
				3C5C529920F7C8500096367C /* MainTableViewController.swift */,
				3C5C529B20F7C85F0096367C /* DetailViewController.swift */,
			);
			path = "View Controllers";
			sourceTree = "<group>";
		};
/* End PBXGroup section */

/* Begin PBXNativeTarget section */
		3C0DEABB20F7B98C00490DC2 /* JournalCoreData */ = {
			isa = PBXNativeTarget;
			buildConfigurationList = 3C0DEACE20F7B98D00490DC2 /* Build configuration list for PBXNativeTarget "JournalCoreData" */;
			buildPhases = (
				3C0DEAB820F7B98C00490DC2 /* Sources */,
				3C0DEAB920F7B98C00490DC2 /* Frameworks */,
				3C0DEABA20F7B98C00490DC2 /* Resources */,
			);
			buildRules = (
			);
			dependencies = (
			);
			name = JournalCoreData;
			productName = JournalCoreData;
			productReference = 3C0DEABC20F7B98C00490DC2 /* JournalCoreData.app */;
			productType = "com.apple.product-type.application";
		};
/* End PBXNativeTarget section */

/* Begin PBXProject section */
		3C0DEAB420F7B98C00490DC2 /* Project object */ = {
			isa = PBXProject;
			attributes = {
				LastSwiftUpdateCheck = 0940;
				LastUpgradeCheck = 0940;
				ORGANIZATIONNAME = ETLanza;
				TargetAttributes = {
					3C0DEABB20F7B98C00490DC2 = {
						CreatedOnToolsVersion = 9.4.1;
					};
				};
			};
			buildConfigurationList = 3C0DEAB720F7B98C00490DC2 /* Build configuration list for PBXProject "JournalCoreData" */;
			compatibilityVersion = "Xcode 9.3";
			developmentRegion = en;
			hasScannedForEncodings = 0;
			knownRegions = (
				en,
				Base,
			);
			mainGroup = 3C0DEAB320F7B98C00490DC2;
			productRefGroup = 3C0DEABD20F7B98C00490DC2 /* Products */;
			projectDirPath = "";
			projectRoot = "";
			targets = (
				3C0DEABB20F7B98C00490DC2 /* JournalCoreData */,
			);
		};
/* End PBXProject section */

/* Begin PBXResourcesBuildPhase section */
		3C0DEABA20F7B98C00490DC2 /* Resources */ = {
			isa = PBXResourcesBuildPhase;
			buildActionMask = 2147483647;
			files = (
				3C0DEACA20F7B98D00490DC2 /* LaunchScreen.storyboard in Resources */,
				3C0DEAC720F7B98D00490DC2 /* Assets.xcassets in Resources */,
				3C0DEAC520F7B98C00490DC2 /* Main.storyboard in Resources */,
			);
			runOnlyForDeploymentPostprocessing = 0;
		};
/* End PBXResourcesBuildPhase section */

/* Begin PBXSourcesBuildPhase section */
		3C0DEAB820F7B98C00490DC2 /* Sources */ = {
			isa = PBXSourcesBuildPhase;
			buildActionMask = 2147483647;
			files = (
				3C0DEAD920F7BFE600490DC2 /* Entry+Convenience.swift in Sources */,
				3C0DEAD620F7BE9200490DC2 /* CoreDataStack.swift in Sources */,
				3C5C529820F7C3E20096367C /* EntryController.swift in Sources */,
				3C0DEAD420F7BE8800490DC2 /* JournalCoreData.xcdatamodeld in Sources */,
				3C5C529A20F7C8500096367C /* MainTableViewController.swift in Sources */,
				3C0DEAC020F7B98C00490DC2 /* AppDelegate.swift in Sources */,
				3C5C529C20F7C85F0096367C /* DetailViewController.swift in Sources */,
			);
			runOnlyForDeploymentPostprocessing = 0;
		};
/* End PBXSourcesBuildPhase section */

/* Begin PBXVariantGroup section */
		3C0DEAC320F7B98C00490DC2 /* Main.storyboard */ = {
			isa = PBXVariantGroup;
			children = (
				3C0DEAC420F7B98C00490DC2 /* Base */,
			);
			name = Main.storyboard;
			sourceTree = "<group>";
		};
		3C0DEAC820F7B98D00490DC2 /* LaunchScreen.storyboard */ = {
			isa = PBXVariantGroup;
			children = (
				3C0DEAC920F7B98D00490DC2 /* Base */,
			);
			name = LaunchScreen.storyboard;
			sourceTree = "<group>";
		};
/* End PBXVariantGroup section */

/* Begin XCBuildConfiguration section */
		3C0DEACC20F7B98D00490DC2 /* Debug */ = {
			isa = XCBuildConfiguration;
			buildSettings = {
				ALWAYS_SEARCH_USER_PATHS = NO;
				CLANG_ANALYZER_NONNULL = YES;
				CLANG_ANALYZER_NUMBER_OBJECT_CONVERSION = YES_AGGRESSIVE;
				CLANG_CXX_LANGUAGE_STANDARD = "gnu++14";
				CLANG_CXX_LIBRARY = "libc++";
				CLANG_ENABLE_MODULES = YES;
				CLANG_ENABLE_OBJC_ARC = YES;
				CLANG_ENABLE_OBJC_WEAK = YES;
				CLANG_WARN_BLOCK_CAPTURE_AUTORELEASING = YES;
				CLANG_WARN_BOOL_CONVERSION = YES;
				CLANG_WARN_COMMA = YES;
				CLANG_WARN_CONSTANT_CONVERSION = YES;
				CLANG_WARN_DEPRECATED_OBJC_IMPLEMENTATIONS = YES;
				CLANG_WARN_DIRECT_OBJC_ISA_USAGE = YES_ERROR;
				CLANG_WARN_DOCUMENTATION_COMMENTS = YES;
				CLANG_WARN_EMPTY_BODY = YES;
				CLANG_WARN_ENUM_CONVERSION = YES;
				CLANG_WARN_INFINITE_RECURSION = YES;
				CLANG_WARN_INT_CONVERSION = YES;
				CLANG_WARN_NON_LITERAL_NULL_CONVERSION = YES;
				CLANG_WARN_OBJC_IMPLICIT_RETAIN_SELF = YES;
				CLANG_WARN_OBJC_LITERAL_CONVERSION = YES;
				CLANG_WARN_OBJC_ROOT_CLASS = YES_ERROR;
				CLANG_WARN_RANGE_LOOP_ANALYSIS = YES;
				CLANG_WARN_STRICT_PROTOTYPES = YES;
				CLANG_WARN_SUSPICIOUS_MOVE = YES;
				CLANG_WARN_UNGUARDED_AVAILABILITY = YES_AGGRESSIVE;
				CLANG_WARN_UNREACHABLE_CODE = YES;
				CLANG_WARN__DUPLICATE_METHOD_MATCH = YES;
				CODE_SIGN_IDENTITY = "iPhone Developer";
				COPY_PHASE_STRIP = NO;
				DEBUG_INFORMATION_FORMAT = dwarf;
				ENABLE_STRICT_OBJC_MSGSEND = YES;
				ENABLE_TESTABILITY = YES;
				GCC_C_LANGUAGE_STANDARD = gnu11;
				GCC_DYNAMIC_NO_PIC = NO;
				GCC_NO_COMMON_BLOCKS = YES;
				GCC_OPTIMIZATION_LEVEL = 0;
				GCC_PREPROCESSOR_DEFINITIONS = (
					"DEBUG=1",
					"$(inherited)",
				);
				GCC_WARN_64_TO_32_BIT_CONVERSION = YES;
				GCC_WARN_ABOUT_RETURN_TYPE = YES_ERROR;
				GCC_WARN_UNDECLARED_SELECTOR = YES;
				GCC_WARN_UNINITIALIZED_AUTOS = YES_AGGRESSIVE;
				GCC_WARN_UNUSED_FUNCTION = YES;
				GCC_WARN_UNUSED_VARIABLE = YES;
				IPHONEOS_DEPLOYMENT_TARGET = 11.4;
				MTL_ENABLE_DEBUG_INFO = YES;
				ONLY_ACTIVE_ARCH = YES;
				SDKROOT = iphoneos;
				SWIFT_ACTIVE_COMPILATION_CONDITIONS = DEBUG;
				SWIFT_OPTIMIZATION_LEVEL = "-Onone";
			};
			name = Debug;
		};
		3C0DEACD20F7B98D00490DC2 /* Release */ = {
			isa = XCBuildConfiguration;
			buildSettings = {
				ALWAYS_SEARCH_USER_PATHS = NO;
				CLANG_ANALYZER_NONNULL = YES;
				CLANG_ANALYZER_NUMBER_OBJECT_CONVERSION = YES_AGGRESSIVE;
				CLANG_CXX_LANGUAGE_STANDARD = "gnu++14";
				CLANG_CXX_LIBRARY = "libc++";
				CLANG_ENABLE_MODULES = YES;
				CLANG_ENABLE_OBJC_ARC = YES;
				CLANG_ENABLE_OBJC_WEAK = YES;
				CLANG_WARN_BLOCK_CAPTURE_AUTORELEASING = YES;
				CLANG_WARN_BOOL_CONVERSION = YES;
				CLANG_WARN_COMMA = YES;
				CLANG_WARN_CONSTANT_CONVERSION = YES;
				CLANG_WARN_DEPRECATED_OBJC_IMPLEMENTATIONS = YES;
				CLANG_WARN_DIRECT_OBJC_ISA_USAGE = YES_ERROR;
				CLANG_WARN_DOCUMENTATION_COMMENTS = YES;
				CLANG_WARN_EMPTY_BODY = YES;
				CLANG_WARN_ENUM_CONVERSION = YES;
				CLANG_WARN_INFINITE_RECURSION = YES;
				CLANG_WARN_INT_CONVERSION = YES;
				CLANG_WARN_NON_LITERAL_NULL_CONVERSION = YES;
				CLANG_WARN_OBJC_IMPLICIT_RETAIN_SELF = YES;
				CLANG_WARN_OBJC_LITERAL_CONVERSION = YES;
				CLANG_WARN_OBJC_ROOT_CLASS = YES_ERROR;
				CLANG_WARN_RANGE_LOOP_ANALYSIS = YES;
				CLANG_WARN_STRICT_PROTOTYPES = YES;
				CLANG_WARN_SUSPICIOUS_MOVE = YES;
				CLANG_WARN_UNGUARDED_AVAILABILITY = YES_AGGRESSIVE;
				CLANG_WARN_UNREACHABLE_CODE = YES;
				CLANG_WARN__DUPLICATE_METHOD_MATCH = YES;
				CODE_SIGN_IDENTITY = "iPhone Developer";
				COPY_PHASE_STRIP = NO;
				DEBUG_INFORMATION_FORMAT = "dwarf-with-dsym";
				ENABLE_NS_ASSERTIONS = NO;
				ENABLE_STRICT_OBJC_MSGSEND = YES;
				GCC_C_LANGUAGE_STANDARD = gnu11;
				GCC_NO_COMMON_BLOCKS = YES;
				GCC_WARN_64_TO_32_BIT_CONVERSION = YES;
				GCC_WARN_ABOUT_RETURN_TYPE = YES_ERROR;
				GCC_WARN_UNDECLARED_SELECTOR = YES;
				GCC_WARN_UNINITIALIZED_AUTOS = YES_AGGRESSIVE;
				GCC_WARN_UNUSED_FUNCTION = YES;
				GCC_WARN_UNUSED_VARIABLE = YES;
				IPHONEOS_DEPLOYMENT_TARGET = 11.4;
				MTL_ENABLE_DEBUG_INFO = NO;
				SDKROOT = iphoneos;
				SWIFT_COMPILATION_MODE = wholemodule;
				SWIFT_OPTIMIZATION_LEVEL = "-O";
				VALIDATE_PRODUCT = YES;
			};
			name = Release;
		};
		3C0DEACF20F7B98D00490DC2 /* Debug */ = {
			isa = XCBuildConfiguration;
			buildSettings = {
				ASSETCATALOG_COMPILER_APPICON_NAME = AppIcon;
				CODE_SIGN_STYLE = Automatic;
				INFOPLIST_FILE = "$(SRCROOT)/JournalCoreData/Resources/Info.plist";
				LD_RUNPATH_SEARCH_PATHS = (
					"$(inherited)",
					"@executable_path/Frameworks",
				);
				PRODUCT_BUNDLE_IDENTIFIER = io.Lanza.JournalCoreData;
				PRODUCT_NAME = "$(TARGET_NAME)";
				SWIFT_VERSION = 4.0;
				TARGETED_DEVICE_FAMILY = "1,2";
			};
			name = Debug;
		};
		3C0DEAD020F7B98D00490DC2 /* Release */ = {
			isa = XCBuildConfiguration;
			buildSettings = {
				ASSETCATALOG_COMPILER_APPICON_NAME = AppIcon;
				CODE_SIGN_STYLE = Automatic;
				INFOPLIST_FILE = "$(SRCROOT)/JournalCoreData/Resources/Info.plist";
				LD_RUNPATH_SEARCH_PATHS = (
					"$(inherited)",
					"@executable_path/Frameworks",
				);
				PRODUCT_BUNDLE_IDENTIFIER = io.Lanza.JournalCoreData;
				PRODUCT_NAME = "$(TARGET_NAME)";
				SWIFT_VERSION = 4.0;
				TARGETED_DEVICE_FAMILY = "1,2";
			};
			name = Release;
		};
/* End XCBuildConfiguration section */

/* Begin XCConfigurationList section */
		3C0DEAB720F7B98C00490DC2 /* Build configuration list for PBXProject "JournalCoreData" */ = {
			isa = XCConfigurationList;
			buildConfigurations = (
				3C0DEACC20F7B98D00490DC2 /* Debug */,
				3C0DEACD20F7B98D00490DC2 /* Release */,
			);
			defaultConfigurationIsVisible = 0;
			defaultConfigurationName = Release;
		};
		3C0DEACE20F7B98D00490DC2 /* Build configuration list for PBXNativeTarget "JournalCoreData" */ = {
			isa = XCConfigurationList;
			buildConfigurations = (
				3C0DEACF20F7B98D00490DC2 /* Debug */,
				3C0DEAD020F7B98D00490DC2 /* Release */,
			);
			defaultConfigurationIsVisible = 0;
			defaultConfigurationName = Release;
		};
/* End XCConfigurationList section */

/* Begin XCVersionGroup section */
		3C0DEAD220F7BE8800490DC2 /* JournalCoreData.xcdatamodeld */ = {
			isa = XCVersionGroup;
			children = (
				3C0DEAD320F7BE8800490DC2 /* JournalCoreData.xcdatamodel */,
			);
			currentVersion = 3C0DEAD320F7BE8800490DC2 /* JournalCoreData.xcdatamodel */;
			path = JournalCoreData.xcdatamodeld;
			sourceTree = "<group>";
			versionGroupType = wrapper.xcdatamodel;
		};
/* End XCVersionGroup section */
	};
	rootObject = 3C0DEAB420F7B98C00490DC2 /* Project object */;
}
